// !$*UTF8*$!
{
	archiveVersion = 1;
	classes = {
	};
	objectVersion = 46;
	objects = {

/* Begin PBXBuildFile section */
		240BCA441CD92FC700842222 /* Spine.h in Headers */ = {isa = PBXBuildFile; fileRef = D373F78D19B2249900275AFC /* Spine.h */; settings = {ATTRIBUTES = (Public, ); }; };
		240BCA451CD92FCE00842222 /* Spine.swift in Sources */ = {isa = PBXBuildFile; fileRef = D373F7A319B224BB00275AFC /* Spine.swift */; };
		240BCA461CD92FCF00842222 /* Spine.swift in Sources */ = {isa = PBXBuildFile; fileRef = D373F7A319B224BB00275AFC /* Spine.swift */; };
		240BCA471CD92FD200842222 /* Query.swift in Sources */ = {isa = PBXBuildFile; fileRef = D331836B19B2302500936FBB /* Query.swift */; };
		240BCA481CD92FD200842222 /* Query.swift in Sources */ = {isa = PBXBuildFile; fileRef = D331836B19B2302500936FBB /* Query.swift */; };
		240BCA491CD92FD600842222 /* Operation.swift in Sources */ = {isa = PBXBuildFile; fileRef = D3452C2E1AD18E6900CD413B /* Operation.swift */; };
		240BCA4A1CD92FD700842222 /* Operation.swift in Sources */ = {isa = PBXBuildFile; fileRef = D3452C2E1AD18E6900CD413B /* Operation.swift */; };
		240BCA4B1CD92FD900842222 /* Networking.swift in Sources */ = {isa = PBXBuildFile; fileRef = D37FB17E19B9D7F10073A888 /* Networking.swift */; };
		240BCA4C1CD92FDA00842222 /* Networking.swift in Sources */ = {isa = PBXBuildFile; fileRef = D37FB17E19B9D7F10073A888 /* Networking.swift */; };
		240BCA4D1CD92FDC00842222 /* Routing.swift in Sources */ = {isa = PBXBuildFile; fileRef = D341907619D30BA4007B38D6 /* Routing.swift */; };
		240BCA4E1CD92FDD00842222 /* Routing.swift in Sources */ = {isa = PBXBuildFile; fileRef = D341907619D30BA4007B38D6 /* Routing.swift */; };
		240BCA4F1CD92FDF00842222 /* Logging.swift in Sources */ = {isa = PBXBuildFile; fileRef = D3452C301AD19B0900CD413B /* Logging.swift */; };
		240BCA501CD92FE000842222 /* Logging.swift in Sources */ = {isa = PBXBuildFile; fileRef = D3452C301AD19B0900CD413B /* Logging.swift */; };
		240BCA511CD92FE200842222 /* Errors.swift in Sources */ = {isa = PBXBuildFile; fileRef = D35468811AD429D7000E8B6F /* Errors.swift */; };
		240BCA521CD92FE300842222 /* Errors.swift in Sources */ = {isa = PBXBuildFile; fileRef = D35468811AD429D7000E8B6F /* Errors.swift */; };
		240BCA531CD92FE700842222 /* Resource.swift in Sources */ = {isa = PBXBuildFile; fileRef = D373F7A219B224BB00275AFC /* Resource.swift */; };
		240BCA541CD92FE800842222 /* Resource.swift in Sources */ = {isa = PBXBuildFile; fileRef = D373F7A219B224BB00275AFC /* Resource.swift */; };
		240BCA551CD92FEA00842222 /* ResourceCollection.swift in Sources */ = {isa = PBXBuildFile; fileRef = D35F9D3B1A52FCBB00E5FF97 /* ResourceCollection.swift */; };
		240BCA561CD92FEB00842222 /* ResourceCollection.swift in Sources */ = {isa = PBXBuildFile; fileRef = D35F9D3B1A52FCBB00E5FF97 /* ResourceCollection.swift */; };
		240BCA571CD92FEE00842222 /* ResourceField.swift in Sources */ = {isa = PBXBuildFile; fileRef = D39929EA1A52F3A0008BF0A9 /* ResourceField.swift */; };
		240BCA581CD92FEE00842222 /* ResourceField.swift in Sources */ = {isa = PBXBuildFile; fileRef = D39929EA1A52F3A0008BF0A9 /* ResourceField.swift */; };
		240BCA591CD92FF200842222 /* Serializing.swift in Sources */ = {isa = PBXBuildFile; fileRef = D373F7A119B224BB00275AFC /* Serializing.swift */; };
		240BCA5A1CD92FF200842222 /* Serializing.swift in Sources */ = {isa = PBXBuildFile; fileRef = D373F7A119B224BB00275AFC /* Serializing.swift */; };
		240BCA5B1CD92FF700842222 /* ResourceFactory.swift in Sources */ = {isa = PBXBuildFile; fileRef = D39890F41C3D571F005CFB93 /* ResourceFactory.swift */; };
		240BCA5C1CD92FF700842222 /* ResourceFactory.swift in Sources */ = {isa = PBXBuildFile; fileRef = D39890F41C3D571F005CFB93 /* ResourceFactory.swift */; };
		240BCA5D1CD92FFA00842222 /* DeserializeOperation.swift in Sources */ = {isa = PBXBuildFile; fileRef = D35F9D401A53014500E5FF97 /* DeserializeOperation.swift */; };
		240BCA5E1CD92FFA00842222 /* DeserializeOperation.swift in Sources */ = {isa = PBXBuildFile; fileRef = D35F9D401A53014500E5FF97 /* DeserializeOperation.swift */; };
		240BCA5F1CD92FFD00842222 /* SerializeOperation.swift in Sources */ = {isa = PBXBuildFile; fileRef = D35F9D421A53016000E5FF97 /* SerializeOperation.swift */; };
		240BCA601CD92FFD00842222 /* SerializeOperation.swift in Sources */ = {isa = PBXBuildFile; fileRef = D35F9D421A53016000E5FF97 /* SerializeOperation.swift */; };
		240BCA611CD92FFF00842222 /* ValueFormatter.swift in Sources */ = {isa = PBXBuildFile; fileRef = D35F9D471A532EC600E5FF97 /* ValueFormatter.swift */; };
		240BCA621CD9300000842222 /* ValueFormatter.swift in Sources */ = {isa = PBXBuildFile; fileRef = D35F9D471A532EC600E5FF97 /* ValueFormatter.swift */; };
		240BCA631CD9300200842222 /* KeyFormatter.swift in Sources */ = {isa = PBXBuildFile; fileRef = D3B96D611C32B7D300910F83 /* KeyFormatter.swift */; };
		240BCA641CD9300300842222 /* KeyFormatter.swift in Sources */ = {isa = PBXBuildFile; fileRef = D3B96D611C32B7D300910F83 /* KeyFormatter.swift */; };
		240BCA651CD9300E00842222 /* SpineTests.swift in Sources */ = {isa = PBXBuildFile; fileRef = D373F79719B2249900275AFC /* SpineTests.swift */; };
		240BCA661CD9301100842222 /* QueryTests.swift in Sources */ = {isa = PBXBuildFile; fileRef = D35DAAF21A96A40700E59545 /* QueryTests.swift */; };
		240BCA671CD9301400842222 /* ResourceTests.swift in Sources */ = {isa = PBXBuildFile; fileRef = D3E1D1411AAA04B20077B1C3 /* ResourceTests.swift */; };
		240BCA681CD9301600842222 /* ResourceCollectionTests.swift in Sources */ = {isa = PBXBuildFile; fileRef = D36B3A211A98AFA60014B4EA /* ResourceCollectionTests.swift */; };
		240BCA691CD9301900842222 /* SerializingTests.swift in Sources */ = {isa = PBXBuildFile; fileRef = D312E2F719BB83A8004BB3E0 /* SerializingTests.swift */; };
		240BCA6A1CD9301B00842222 /* RoutingTests.swift in Sources */ = {isa = PBXBuildFile; fileRef = D35DAAEC1A962BD400E59545 /* RoutingTests.swift */; };
		240BCA6B1CD9301D00842222 /* Utilities.swift in Sources */ = {isa = PBXBuildFile; fileRef = D35DAAEE1A96323600E59545 /* Utilities.swift */; };
		240BCA6C1CD9302000842222 /* CallbackHTTPClient.swift in Sources */ = {isa = PBXBuildFile; fileRef = D39CD5371AA0FA8F00049432 /* CallbackHTTPClient.swift */; };
		240BCA6D1CD9302400842222 /* Fixtures.swift in Sources */ = {isa = PBXBuildFile; fileRef = D35DAAEA1A9627FD00E59545 /* Fixtures.swift */; };
		240BCA6E1CD9302700842222 /* SingleFoo.json in Resources */ = {isa = PBXBuildFile; fileRef = D3502C2C1A93A7F700F91266 /* SingleFoo.json */; };
		240BCA6F1CD9302A00842222 /* SingleFooIncludingBars.json in Resources */ = {isa = PBXBuildFile; fileRef = D307FBED1A97756700EE0FAC /* SingleFooIncludingBars.json */; };
		240BCA701CD9302C00842222 /* MultipleFoos.json in Resources */ = {isa = PBXBuildFile; fileRef = D35047891A94FF70002FDF57 /* MultipleFoos.json */; };
		240BCA711CD9302E00842222 /* PagedFoos-1.json in Resources */ = {isa = PBXBuildFile; fileRef = D3BE2B1B1AD56C840061167C /* PagedFoos-1.json */; };
		240BCA721CD9303000842222 /* PagedFoos-2.json in Resources */ = {isa = PBXBuildFile; fileRef = D3BE2B1C1AD56C840061167C /* PagedFoos-2.json */; };
		240BCA731CD9303300842222 /* Errors.json in Resources */ = {isa = PBXBuildFile; fileRef = D3960DF01A9B5FBC009948B0 /* Errors.json */; };
		240BCA761CD930BE00842222 /* Result.framework in Frameworks */ = {isa = PBXBuildFile; fileRef = 240BCA751CD930BE00842222 /* Result.framework */; };
		240BCA781CD930C700842222 /* BrightFutures.framework in Frameworks */ = {isa = PBXBuildFile; fileRef = 240BCA771CD930C700842222 /* BrightFutures.framework */; };
		240BCA7A1CD930CD00842222 /* SwiftyJSON.framework in Frameworks */ = {isa = PBXBuildFile; fileRef = 240BCA791CD930CD00842222 /* SwiftyJSON.framework */; };
		240BCA7B1CD9312C00842222 /* Result.framework in Frameworks */ = {isa = PBXBuildFile; fileRef = 240BCA751CD930BE00842222 /* Result.framework */; };
		240BCA7C1CD9312D00842222 /* BrightFutures.framework in Frameworks */ = {isa = PBXBuildFile; fileRef = 240BCA771CD930C700842222 /* BrightFutures.framework */; };
		240BCA7D1CD9313000842222 /* SwiftyJSON.framework in Frameworks */ = {isa = PBXBuildFile; fileRef = 240BCA791CD930CD00842222 /* SwiftyJSON.framework */; };
		24E6DF521D6830030072D4DC /* Spine.framework in Frameworks */ = {isa = PBXBuildFile; fileRef = 24E6DF481D6830030072D4DC /* Spine.framework */; };
		24E6DF571D6830030072D4DC /* Spine_MacOSTests.swift in Sources */ = {isa = PBXBuildFile; fileRef = 24E6DF561D6830030072D4DC /* Spine_MacOSTests.swift */; };
		24E6DF5F1D6830FF0072D4DC /* Spine.swift in Sources */ = {isa = PBXBuildFile; fileRef = D373F7A319B224BB00275AFC /* Spine.swift */; };
		24E6DF601D6830FF0072D4DC /* Query.swift in Sources */ = {isa = PBXBuildFile; fileRef = D331836B19B2302500936FBB /* Query.swift */; };
		24E6DF611D6830FF0072D4DC /* Operation.swift in Sources */ = {isa = PBXBuildFile; fileRef = D3452C2E1AD18E6900CD413B /* Operation.swift */; };
		24E6DF621D6830FF0072D4DC /* Networking.swift in Sources */ = {isa = PBXBuildFile; fileRef = D37FB17E19B9D7F10073A888 /* Networking.swift */; };
		24E6DF631D6830FF0072D4DC /* Routing.swift in Sources */ = {isa = PBXBuildFile; fileRef = D341907619D30BA4007B38D6 /* Routing.swift */; };
		24E6DF641D6830FF0072D4DC /* Logging.swift in Sources */ = {isa = PBXBuildFile; fileRef = D3452C301AD19B0900CD413B /* Logging.swift */; };
		24E6DF651D6830FF0072D4DC /* Errors.swift in Sources */ = {isa = PBXBuildFile; fileRef = D35468811AD429D7000E8B6F /* Errors.swift */; };
		24E6DF661D6830FF0072D4DC /* Resource.swift in Sources */ = {isa = PBXBuildFile; fileRef = D373F7A219B224BB00275AFC /* Resource.swift */; };
		24E6DF671D6830FF0072D4DC /* ResourceCollection.swift in Sources */ = {isa = PBXBuildFile; fileRef = D35F9D3B1A52FCBB00E5FF97 /* ResourceCollection.swift */; };
		24E6DF681D6830FF0072D4DC /* ResourceField.swift in Sources */ = {isa = PBXBuildFile; fileRef = D39929EA1A52F3A0008BF0A9 /* ResourceField.swift */; };
		24E6DF691D6830FF0072D4DC /* Serializing.swift in Sources */ = {isa = PBXBuildFile; fileRef = D373F7A119B224BB00275AFC /* Serializing.swift */; };
		24E6DF6A1D6830FF0072D4DC /* ResourceFactory.swift in Sources */ = {isa = PBXBuildFile; fileRef = D39890F41C3D571F005CFB93 /* ResourceFactory.swift */; };
		24E6DF6B1D6830FF0072D4DC /* DeserializeOperation.swift in Sources */ = {isa = PBXBuildFile; fileRef = D35F9D401A53014500E5FF97 /* DeserializeOperation.swift */; };
		24E6DF6C1D6830FF0072D4DC /* SerializeOperation.swift in Sources */ = {isa = PBXBuildFile; fileRef = D35F9D421A53016000E5FF97 /* SerializeOperation.swift */; };
		24E6DF6D1D6830FF0072D4DC /* ValueFormatter.swift in Sources */ = {isa = PBXBuildFile; fileRef = D35F9D471A532EC600E5FF97 /* ValueFormatter.swift */; };
		24E6DF6E1D6830FF0072D4DC /* KeyFormatter.swift in Sources */ = {isa = PBXBuildFile; fileRef = D3B96D611C32B7D300910F83 /* KeyFormatter.swift */; };
		24E6DF731D6831520072D4DC /* BrightFutures.framework in Frameworks */ = {isa = PBXBuildFile; fileRef = 24E6DF701D6831520072D4DC /* BrightFutures.framework */; };
		24E6DF741D6831520072D4DC /* Result.framework in Frameworks */ = {isa = PBXBuildFile; fileRef = 24E6DF711D6831520072D4DC /* Result.framework */; };
		24E6DF751D6831520072D4DC /* SwiftyJSON.framework in Frameworks */ = {isa = PBXBuildFile; fileRef = 24E6DF721D6831520072D4DC /* SwiftyJSON.framework */; };
		24EA5DB11D2D39A700F3E867 /* SingleFooWithUnregisteredType.json in Resources */ = {isa = PBXBuildFile; fileRef = 24EA5DB01D2D39A100F3E867 /* SingleFooWithUnregisteredType.json */; };
		24EA5DB21D2D39A800F3E867 /* SingleFooWithUnregisteredType.json in Resources */ = {isa = PBXBuildFile; fileRef = 24EA5DB01D2D39A100F3E867 /* SingleFooWithUnregisteredType.json */; };
		D307FBEE1A97756700EE0FAC /* SingleFooIncludingBars.json in Resources */ = {isa = PBXBuildFile; fileRef = D307FBED1A97756700EE0FAC /* SingleFooIncludingBars.json */; };
		D312E2F819BB83A8004BB3E0 /* SerializingTests.swift in Sources */ = {isa = PBXBuildFile; fileRef = D312E2F719BB83A8004BB3E0 /* SerializingTests.swift */; };
		D312E30219BB8822004BB3E0 /* Networking.swift in Sources */ = {isa = PBXBuildFile; fileRef = D37FB17E19B9D7F10073A888 /* Networking.swift */; };
		D32EA6DA1BCBD5930076CFA5 /* BrightFutures.framework in Frameworks */ = {isa = PBXBuildFile; fileRef = D3411E771A4B5C2C00D27F54 /* BrightFutures.framework */; };
		D32EA6DB1BCBD5930076CFA5 /* SwiftyJSON.framework in Frameworks */ = {isa = PBXBuildFile; fileRef = D3411E7A1A4B5D2200D27F54 /* SwiftyJSON.framework */; };
		D32EA6DD1BCBD5930076CFA5 /* Result.framework in Frameworks */ = {isa = PBXBuildFile; fileRef = D32EA6DC1BCBD5930076CFA5 /* Result.framework */; };
		D331836C19B2302500936FBB /* Query.swift in Sources */ = {isa = PBXBuildFile; fileRef = D331836B19B2302500936FBB /* Query.swift */; };
		D341907719D30BA4007B38D6 /* Routing.swift in Sources */ = {isa = PBXBuildFile; fileRef = D341907619D30BA4007B38D6 /* Routing.swift */; };
		D341907D19D31176007B38D6 /* Routing.swift in Sources */ = {isa = PBXBuildFile; fileRef = D341907619D30BA4007B38D6 /* Routing.swift */; };
		D3452C2F1AD18E6900CD413B /* Operation.swift in Sources */ = {isa = PBXBuildFile; fileRef = D3452C2E1AD18E6900CD413B /* Operation.swift */; };
		D3452C311AD19B0900CD413B /* Logging.swift in Sources */ = {isa = PBXBuildFile; fileRef = D3452C301AD19B0900CD413B /* Logging.swift */; };
		D3452C341AD19BD500CD413B /* Operation.swift in Sources */ = {isa = PBXBuildFile; fileRef = D3452C2E1AD18E6900CD413B /* Operation.swift */; };
		D3452C351AD19BD500CD413B /* Logging.swift in Sources */ = {isa = PBXBuildFile; fileRef = D3452C301AD19B0900CD413B /* Logging.swift */; };
		D34A06021BCBE302009920D4 /* Result.framework in Frameworks */ = {isa = PBXBuildFile; fileRef = D32EA6DC1BCBD5930076CFA5 /* Result.framework */; };
		D3502C2D1A93A7F700F91266 /* SingleFoo.json in Resources */ = {isa = PBXBuildFile; fileRef = D3502C2C1A93A7F700F91266 /* SingleFoo.json */; };
		D3502C2F1A93A84000F91266 /* BrightFutures.framework in Frameworks */ = {isa = PBXBuildFile; fileRef = D3411E771A4B5C2C00D27F54 /* BrightFutures.framework */; };
		D3502C301A93A84000F91266 /* SwiftyJSON.framework in Frameworks */ = {isa = PBXBuildFile; fileRef = D3411E7A1A4B5D2200D27F54 /* SwiftyJSON.framework */; };
		D3502C311A93A86600F91266 /* ResourceCollection.swift in Sources */ = {isa = PBXBuildFile; fileRef = D35F9D3B1A52FCBB00E5FF97 /* ResourceCollection.swift */; };
		D3502C321A93A86900F91266 /* ResourceField.swift in Sources */ = {isa = PBXBuildFile; fileRef = D39929EA1A52F3A0008BF0A9 /* ResourceField.swift */; };
		D3502C331A93A86C00F91266 /* DeserializeOperation.swift in Sources */ = {isa = PBXBuildFile; fileRef = D35F9D401A53014500E5FF97 /* DeserializeOperation.swift */; };
		D3502C341A93A86F00F91266 /* SerializeOperation.swift in Sources */ = {isa = PBXBuildFile; fileRef = D35F9D421A53016000E5FF97 /* SerializeOperation.swift */; };
		D3502C351A93A87100F91266 /* ValueFormatter.swift in Sources */ = {isa = PBXBuildFile; fileRef = D35F9D471A532EC600E5FF97 /* ValueFormatter.swift */; };
		D350478A1A94FF70002FDF57 /* MultipleFoos.json in Resources */ = {isa = PBXBuildFile; fileRef = D35047891A94FF70002FDF57 /* MultipleFoos.json */; };
		D35468821AD429D7000E8B6F /* Errors.swift in Sources */ = {isa = PBXBuildFile; fileRef = D35468811AD429D7000E8B6F /* Errors.swift */; };
		D35CE46D19B276E4002B358E /* Spine.swift in Sources */ = {isa = PBXBuildFile; fileRef = D373F7A319B224BB00275AFC /* Spine.swift */; };
		D35CE46E19B276E4002B358E /* Query.swift in Sources */ = {isa = PBXBuildFile; fileRef = D331836B19B2302500936FBB /* Query.swift */; };
		D35CE46F19B276E4002B358E /* Resource.swift in Sources */ = {isa = PBXBuildFile; fileRef = D373F7A219B224BB00275AFC /* Resource.swift */; };
		D35CE47019B276E4002B358E /* Serializing.swift in Sources */ = {isa = PBXBuildFile; fileRef = D373F7A119B224BB00275AFC /* Serializing.swift */; };
		D35DAAEB1A9627FD00E59545 /* Fixtures.swift in Sources */ = {isa = PBXBuildFile; fileRef = D35DAAEA1A9627FD00E59545 /* Fixtures.swift */; };
		D35DAAED1A962BD400E59545 /* RoutingTests.swift in Sources */ = {isa = PBXBuildFile; fileRef = D35DAAEC1A962BD400E59545 /* RoutingTests.swift */; };
		D35DAAEF1A96323600E59545 /* Utilities.swift in Sources */ = {isa = PBXBuildFile; fileRef = D35DAAEE1A96323600E59545 /* Utilities.swift */; };
		D35DAAF31A96A40700E59545 /* QueryTests.swift in Sources */ = {isa = PBXBuildFile; fileRef = D35DAAF21A96A40700E59545 /* QueryTests.swift */; };
		D35F9D3C1A52FCBB00E5FF97 /* ResourceCollection.swift in Sources */ = {isa = PBXBuildFile; fileRef = D35F9D3B1A52FCBB00E5FF97 /* ResourceCollection.swift */; };
		D35F9D411A53014500E5FF97 /* DeserializeOperation.swift in Sources */ = {isa = PBXBuildFile; fileRef = D35F9D401A53014500E5FF97 /* DeserializeOperation.swift */; };
		D35F9D431A53016000E5FF97 /* SerializeOperation.swift in Sources */ = {isa = PBXBuildFile; fileRef = D35F9D421A53016000E5FF97 /* SerializeOperation.swift */; };
		D35F9D481A532EC600E5FF97 /* ValueFormatter.swift in Sources */ = {isa = PBXBuildFile; fileRef = D35F9D471A532EC600E5FF97 /* ValueFormatter.swift */; };
		D36B3A221A98AFA60014B4EA /* ResourceCollectionTests.swift in Sources */ = {isa = PBXBuildFile; fileRef = D36B3A211A98AFA60014B4EA /* ResourceCollectionTests.swift */; };
		D373F78E19B2249900275AFC /* Spine.h in Headers */ = {isa = PBXBuildFile; fileRef = D373F78D19B2249900275AFC /* Spine.h */; settings = {ATTRIBUTES = (Public, ); }; };
		D373F79819B2249900275AFC /* SpineTests.swift in Sources */ = {isa = PBXBuildFile; fileRef = D373F79719B2249900275AFC /* SpineTests.swift */; };
		D373F7A419B224BB00275AFC /* Serializing.swift in Sources */ = {isa = PBXBuildFile; fileRef = D373F7A119B224BB00275AFC /* Serializing.swift */; };
		D373F7A519B224BB00275AFC /* Resource.swift in Sources */ = {isa = PBXBuildFile; fileRef = D373F7A219B224BB00275AFC /* Resource.swift */; };
		D373F7A619B224BB00275AFC /* Spine.swift in Sources */ = {isa = PBXBuildFile; fileRef = D373F7A319B224BB00275AFC /* Spine.swift */; };
		D39256211AD44DCE00AB3867 /* Errors.swift in Sources */ = {isa = PBXBuildFile; fileRef = D35468811AD429D7000E8B6F /* Errors.swift */; };
		D3960DF11A9B5FBC009948B0 /* Errors.json in Resources */ = {isa = PBXBuildFile; fileRef = D3960DF01A9B5FBC009948B0 /* Errors.json */; };
		D39890F51C3D571F005CFB93 /* ResourceFactory.swift in Sources */ = {isa = PBXBuildFile; fileRef = D39890F41C3D571F005CFB93 /* ResourceFactory.swift */; };
		D39890F71C3D5978005CFB93 /* ResourceFactory.swift in Sources */ = {isa = PBXBuildFile; fileRef = D39890F41C3D571F005CFB93 /* ResourceFactory.swift */; };
		D39929EB1A52F3A0008BF0A9 /* ResourceField.swift in Sources */ = {isa = PBXBuildFile; fileRef = D39929EA1A52F3A0008BF0A9 /* ResourceField.swift */; };
		D39CD5381AA0FA8F00049432 /* CallbackHTTPClient.swift in Sources */ = {isa = PBXBuildFile; fileRef = D39CD5371AA0FA8F00049432 /* CallbackHTTPClient.swift */; };
		D3B96D621C32B7D300910F83 /* KeyFormatter.swift in Sources */ = {isa = PBXBuildFile; fileRef = D3B96D611C32B7D300910F83 /* KeyFormatter.swift */; };
		D3B96D631C32B89100910F83 /* KeyFormatter.swift in Sources */ = {isa = PBXBuildFile; fileRef = D3B96D611C32B7D300910F83 /* KeyFormatter.swift */; };
		D3BE2B1D1AD56C840061167C /* PagedFoos-1.json in Resources */ = {isa = PBXBuildFile; fileRef = D3BE2B1B1AD56C840061167C /* PagedFoos-1.json */; };
		D3BE2B1E1AD56C850061167C /* PagedFoos-2.json in Resources */ = {isa = PBXBuildFile; fileRef = D3BE2B1C1AD56C840061167C /* PagedFoos-2.json */; };
		D3DFBB6519B9DC64009785BE /* Networking.swift in Sources */ = {isa = PBXBuildFile; fileRef = D37FB17E19B9D7F10073A888 /* Networking.swift */; };
		D3E1D1421AAA04B20077B1C3 /* ResourceTests.swift in Sources */ = {isa = PBXBuildFile; fileRef = D3E1D1411AAA04B20077B1C3 /* ResourceTests.swift */; };
/* End PBXBuildFile section */

/* Begin PBXContainerItemProxy section */
		24E6DF531D6830030072D4DC /* PBXContainerItemProxy */ = {
			isa = PBXContainerItemProxy;
			containerPortal = D373F77F19B2249900275AFC /* Project object */;
			proxyType = 1;
			remoteGlobalIDString = 24E6DF471D6830030072D4DC;
			remoteInfo = "Spine-MacOS";
		};
/* End PBXContainerItemProxy section */

/* Begin PBXFileReference section */
		240BCA751CD930BE00842222 /* Result.framework */ = {isa = PBXFileReference; lastKnownFileType = wrapper.framework; name = Result.framework; path = Carthage/Build/tvOS/Result.framework; sourceTree = "<group>"; };
		240BCA771CD930C700842222 /* BrightFutures.framework */ = {isa = PBXFileReference; lastKnownFileType = wrapper.framework; name = BrightFutures.framework; path = Carthage/Build/tvOS/BrightFutures.framework; sourceTree = "<group>"; };
		240BCA791CD930CD00842222 /* SwiftyJSON.framework */ = {isa = PBXFileReference; lastKnownFileType = wrapper.framework; name = SwiftyJSON.framework; path = Carthage/Build/tvOS/SwiftyJSON.framework; sourceTree = "<group>"; };
		2413110C1CD8F40000527E10 /* Spine.framework */ = {isa = PBXFileReference; explicitFileType = wrapper.framework; includeInIndex = 0; path = Spine.framework; sourceTree = BUILT_PRODUCTS_DIR; };
		241311151CD8F40000527E10 /* Spine-tvOSTests.xctest */ = {isa = PBXFileReference; explicitFileType = wrapper.cfbundle; includeInIndex = 0; path = "Spine-tvOSTests.xctest"; sourceTree = BUILT_PRODUCTS_DIR; };
		24E6DF481D6830030072D4DC /* Spine.framework */ = {isa = PBXFileReference; explicitFileType = wrapper.framework; includeInIndex = 0; path = Spine.framework; sourceTree = BUILT_PRODUCTS_DIR; };
		24E6DF511D6830030072D4DC /* Spine-macOSTests.xctest */ = {isa = PBXFileReference; explicitFileType = wrapper.cfbundle; includeInIndex = 0; path = "Spine-macOSTests.xctest"; sourceTree = BUILT_PRODUCTS_DIR; };
		24E6DF561D6830030072D4DC /* Spine_MacOSTests.swift */ = {isa = PBXFileReference; lastKnownFileType = sourcecode.swift; path = Spine_MacOSTests.swift; sourceTree = "<group>"; };
		24E6DF581D6830030072D4DC /* Info.plist */ = {isa = PBXFileReference; lastKnownFileType = text.plist.xml; path = Info.plist; sourceTree = "<group>"; };
		24E6DF701D6831520072D4DC /* BrightFutures.framework */ = {isa = PBXFileReference; lastKnownFileType = wrapper.framework; name = BrightFutures.framework; path = Carthage/Build/Mac/BrightFutures.framework; sourceTree = "<group>"; };
		24E6DF711D6831520072D4DC /* Result.framework */ = {isa = PBXFileReference; lastKnownFileType = wrapper.framework; name = Result.framework; path = Carthage/Build/Mac/Result.framework; sourceTree = "<group>"; };
		24E6DF721D6831520072D4DC /* SwiftyJSON.framework */ = {isa = PBXFileReference; lastKnownFileType = wrapper.framework; name = SwiftyJSON.framework; path = Carthage/Build/Mac/SwiftyJSON.framework; sourceTree = "<group>"; };
		24EA5DB01D2D39A100F3E867 /* SingleFooWithUnregisteredType.json */ = {isa = PBXFileReference; lastKnownFileType = text.json; path = SingleFooWithUnregisteredType.json; sourceTree = "<group>"; };
		D307FBED1A97756700EE0FAC /* SingleFooIncludingBars.json */ = {isa = PBXFileReference; fileEncoding = 4; lastKnownFileType = text.json; path = SingleFooIncludingBars.json; sourceTree = "<group>"; };
		D312E2F719BB83A8004BB3E0 /* SerializingTests.swift */ = {isa = PBXFileReference; fileEncoding = 4; lastKnownFileType = sourcecode.swift; path = SerializingTests.swift; sourceTree = "<group>"; };
		D32EA6DC1BCBD5930076CFA5 /* Result.framework */ = {isa = PBXFileReference; lastKnownFileType = wrapper.framework; name = Result.framework; path = Carthage/Build/iOS/Result.framework; sourceTree = "<group>"; };
		D331836B19B2302500936FBB /* Query.swift */ = {isa = PBXFileReference; fileEncoding = 4; lastKnownFileType = sourcecode.swift; path = Query.swift; sourceTree = "<group>"; };
		D3411E771A4B5C2C00D27F54 /* BrightFutures.framework */ = {isa = PBXFileReference; lastKnownFileType = wrapper.framework; name = BrightFutures.framework; path = Carthage/Build/iOS/BrightFutures.framework; sourceTree = "<group>"; };
		D3411E7A1A4B5D2200D27F54 /* SwiftyJSON.framework */ = {isa = PBXFileReference; lastKnownFileType = wrapper.framework; name = SwiftyJSON.framework; path = Carthage/Build/iOS/SwiftyJSON.framework; sourceTree = "<group>"; };
		D341907619D30BA4007B38D6 /* Routing.swift */ = {isa = PBXFileReference; fileEncoding = 4; lastKnownFileType = sourcecode.swift; path = Routing.swift; sourceTree = "<group>"; };
		D3452C2E1AD18E6900CD413B /* Operation.swift */ = {isa = PBXFileReference; fileEncoding = 4; lastKnownFileType = sourcecode.swift; path = Operation.swift; sourceTree = "<group>"; };
		D3452C301AD19B0900CD413B /* Logging.swift */ = {isa = PBXFileReference; fileEncoding = 4; lastKnownFileType = sourcecode.swift; path = Logging.swift; sourceTree = "<group>"; };
		D3502C2C1A93A7F700F91266 /* SingleFoo.json */ = {isa = PBXFileReference; fileEncoding = 4; lastKnownFileType = text.json; path = SingleFoo.json; sourceTree = "<group>"; };
		D35047891A94FF70002FDF57 /* MultipleFoos.json */ = {isa = PBXFileReference; fileEncoding = 4; lastKnownFileType = text.json; path = MultipleFoos.json; sourceTree = "<group>"; };
		D35468811AD429D7000E8B6F /* Errors.swift */ = {isa = PBXFileReference; fileEncoding = 4; lastKnownFileType = sourcecode.swift; path = Errors.swift; sourceTree = "<group>"; };
		D35DAAEA1A9627FD00E59545 /* Fixtures.swift */ = {isa = PBXFileReference; fileEncoding = 4; lastKnownFileType = sourcecode.swift; name = Fixtures.swift; path = ../Fixtures.swift; sourceTree = "<group>"; };
		D35DAAEC1A962BD400E59545 /* RoutingTests.swift */ = {isa = PBXFileReference; fileEncoding = 4; lastKnownFileType = sourcecode.swift; path = RoutingTests.swift; sourceTree = "<group>"; };
		D35DAAEE1A96323600E59545 /* Utilities.swift */ = {isa = PBXFileReference; fileEncoding = 4; lastKnownFileType = sourcecode.swift; path = Utilities.swift; sourceTree = "<group>"; };
		D35DAAF21A96A40700E59545 /* QueryTests.swift */ = {isa = PBXFileReference; fileEncoding = 4; lastKnownFileType = sourcecode.swift; path = QueryTests.swift; sourceTree = "<group>"; };
		D35F9D3B1A52FCBB00E5FF97 /* ResourceCollection.swift */ = {isa = PBXFileReference; fileEncoding = 4; lastKnownFileType = sourcecode.swift; path = ResourceCollection.swift; sourceTree = "<group>"; };
		D35F9D401A53014500E5FF97 /* DeserializeOperation.swift */ = {isa = PBXFileReference; fileEncoding = 4; lastKnownFileType = sourcecode.swift; path = DeserializeOperation.swift; sourceTree = "<group>"; };
		D35F9D421A53016000E5FF97 /* SerializeOperation.swift */ = {isa = PBXFileReference; fileEncoding = 4; lastKnownFileType = sourcecode.swift; path = SerializeOperation.swift; sourceTree = "<group>"; };
		D35F9D471A532EC600E5FF97 /* ValueFormatter.swift */ = {isa = PBXFileReference; fileEncoding = 4; lastKnownFileType = sourcecode.swift; path = ValueFormatter.swift; sourceTree = "<group>"; };
		D36B3A211A98AFA60014B4EA /* ResourceCollectionTests.swift */ = {isa = PBXFileReference; fileEncoding = 4; lastKnownFileType = sourcecode.swift; path = ResourceCollectionTests.swift; sourceTree = "<group>"; };
		D373F78819B2249900275AFC /* Spine.framework */ = {isa = PBXFileReference; explicitFileType = wrapper.framework; includeInIndex = 0; path = Spine.framework; sourceTree = BUILT_PRODUCTS_DIR; };
		D373F78C19B2249900275AFC /* Info.plist */ = {isa = PBXFileReference; lastKnownFileType = text.plist.xml; path = Info.plist; sourceTree = "<group>"; };
		D373F78D19B2249900275AFC /* Spine.h */ = {isa = PBXFileReference; lastKnownFileType = sourcecode.c.h; path = Spine.h; sourceTree = "<group>"; };
		D373F79319B2249900275AFC /* Spine-iOSTests.xctest */ = {isa = PBXFileReference; explicitFileType = wrapper.cfbundle; includeInIndex = 0; path = "Spine-iOSTests.xctest"; sourceTree = BUILT_PRODUCTS_DIR; };
		D373F79619B2249900275AFC /* Info.plist */ = {isa = PBXFileReference; lastKnownFileType = text.plist.xml; path = Info.plist; sourceTree = "<group>"; };
		D373F79719B2249900275AFC /* SpineTests.swift */ = {isa = PBXFileReference; lastKnownFileType = sourcecode.swift; path = SpineTests.swift; sourceTree = "<group>"; };
		D373F7A119B224BB00275AFC /* Serializing.swift */ = {isa = PBXFileReference; fileEncoding = 4; lastKnownFileType = sourcecode.swift; path = Serializing.swift; sourceTree = "<group>"; };
		D373F7A219B224BB00275AFC /* Resource.swift */ = {isa = PBXFileReference; fileEncoding = 4; lastKnownFileType = sourcecode.swift; path = Resource.swift; sourceTree = "<group>"; };
		D373F7A319B224BB00275AFC /* Spine.swift */ = {isa = PBXFileReference; fileEncoding = 4; lastKnownFileType = sourcecode.swift; lineEnding = 0; path = Spine.swift; sourceTree = "<group>"; xcLanguageSpecificationIdentifier = xcode.lang.swift; };
		D37FB17E19B9D7F10073A888 /* Networking.swift */ = {isa = PBXFileReference; fileEncoding = 4; lastKnownFileType = sourcecode.swift; path = Networking.swift; sourceTree = "<group>"; };
		D3960DF01A9B5FBC009948B0 /* Errors.json */ = {isa = PBXFileReference; fileEncoding = 4; lastKnownFileType = text.json; path = Errors.json; sourceTree = "<group>"; };
		D39890F41C3D571F005CFB93 /* ResourceFactory.swift */ = {isa = PBXFileReference; fileEncoding = 4; lastKnownFileType = sourcecode.swift; path = ResourceFactory.swift; sourceTree = "<group>"; };
		D39929EA1A52F3A0008BF0A9 /* ResourceField.swift */ = {isa = PBXFileReference; fileEncoding = 4; lastKnownFileType = sourcecode.swift; path = ResourceField.swift; sourceTree = "<group>"; };
		D39CD5371AA0FA8F00049432 /* CallbackHTTPClient.swift */ = {isa = PBXFileReference; fileEncoding = 4; lastKnownFileType = sourcecode.swift; name = CallbackHTTPClient.swift; path = SpineTests/CallbackHTTPClient.swift; sourceTree = SOURCE_ROOT; };
		D3B96D611C32B7D300910F83 /* KeyFormatter.swift */ = {isa = PBXFileReference; fileEncoding = 4; lastKnownFileType = sourcecode.swift; path = KeyFormatter.swift; sourceTree = "<group>"; };
		D3BE2B1B1AD56C840061167C /* PagedFoos-1.json */ = {isa = PBXFileReference; fileEncoding = 4; lastKnownFileType = text.json; path = "PagedFoos-1.json"; sourceTree = "<group>"; };
		D3BE2B1C1AD56C840061167C /* PagedFoos-2.json */ = {isa = PBXFileReference; fileEncoding = 4; lastKnownFileType = text.json; path = "PagedFoos-2.json"; sourceTree = "<group>"; };
		D3E1D1411AAA04B20077B1C3 /* ResourceTests.swift */ = {isa = PBXFileReference; fileEncoding = 4; lastKnownFileType = sourcecode.swift; path = ResourceTests.swift; sourceTree = "<group>"; };
/* End PBXFileReference section */

/* Begin PBXFrameworksBuildPhase section */
		241311081CD8F40000527E10 /* Frameworks */ = {
			isa = PBXFrameworksBuildPhase;
			buildActionMask = 2147483647;
			files = (
				240BCA761CD930BE00842222 /* Result.framework in Frameworks */,
				240BCA781CD930C700842222 /* BrightFutures.framework in Frameworks */,
				240BCA7A1CD930CD00842222 /* SwiftyJSON.framework in Frameworks */,
			);
			runOnlyForDeploymentPostprocessing = 0;
		};
		241311121CD8F40000527E10 /* Frameworks */ = {
			isa = PBXFrameworksBuildPhase;
			buildActionMask = 2147483647;
			files = (
				240BCA7B1CD9312C00842222 /* Result.framework in Frameworks */,
				240BCA7C1CD9312D00842222 /* BrightFutures.framework in Frameworks */,
				240BCA7D1CD9313000842222 /* SwiftyJSON.framework in Frameworks */,
			);
			runOnlyForDeploymentPostprocessing = 0;
		};
		24E6DF441D6830030072D4DC /* Frameworks */ = {
			isa = PBXFrameworksBuildPhase;
			buildActionMask = 2147483647;
			files = (
				24E6DF731D6831520072D4DC /* BrightFutures.framework in Frameworks */,
				24E6DF741D6831520072D4DC /* Result.framework in Frameworks */,
				24E6DF751D6831520072D4DC /* SwiftyJSON.framework in Frameworks */,
			);
			runOnlyForDeploymentPostprocessing = 0;
		};
		24E6DF4E1D6830030072D4DC /* Frameworks */ = {
			isa = PBXFrameworksBuildPhase;
			buildActionMask = 2147483647;
			files = (
				24E6DF521D6830030072D4DC /* Spine.framework in Frameworks */,
			);
			runOnlyForDeploymentPostprocessing = 0;
		};
		D373F78419B2249900275AFC /* Frameworks */ = {
			isa = PBXFrameworksBuildPhase;
			buildActionMask = 2147483647;
			files = (
				D32EA6DD1BCBD5930076CFA5 /* Result.framework in Frameworks */,
				D32EA6DA1BCBD5930076CFA5 /* BrightFutures.framework in Frameworks */,
				D32EA6DB1BCBD5930076CFA5 /* SwiftyJSON.framework in Frameworks */,
			);
			runOnlyForDeploymentPostprocessing = 0;
		};
		D373F79019B2249900275AFC /* Frameworks */ = {
			isa = PBXFrameworksBuildPhase;
			buildActionMask = 2147483647;
			files = (
				D34A06021BCBE302009920D4 /* Result.framework in Frameworks */,
				D3502C2F1A93A84000F91266 /* BrightFutures.framework in Frameworks */,
				D3502C301A93A84000F91266 /* SwiftyJSON.framework in Frameworks */,
			);
			runOnlyForDeploymentPostprocessing = 0;
		};
/* End PBXFrameworksBuildPhase section */

/* Begin PBXGroup section */
		240BCA741CD930A000842222 /* tvOS */ = {
			isa = PBXGroup;
			children = (
				240BCA751CD930BE00842222 /* Result.framework */,
				240BCA771CD930C700842222 /* BrightFutures.framework */,
				240BCA791CD930CD00842222 /* SwiftyJSON.framework */,
			);
			name = tvOS;
			sourceTree = "<group>";
		};
		245B5DD41CD92E3200E44FBE /* Frameworks */ = {
			isa = PBXGroup;
			children = (
				24E6DF6F1D6831280072D4DC /* macOS */,
				245B5DD51CD92E3900E44FBE /* iOS */,
				240BCA741CD930A000842222 /* tvOS */,
			);
			name = Frameworks;
			sourceTree = "<group>";
		};
		245B5DD51CD92E3900E44FBE /* iOS */ = {
			isa = PBXGroup;
			children = (
				D32EA6DC1BCBD5930076CFA5 /* Result.framework */,
				D3411E771A4B5C2C00D27F54 /* BrightFutures.framework */,
				D3411E7A1A4B5D2200D27F54 /* SwiftyJSON.framework */,
			);
			name = iOS;
			sourceTree = "<group>";
		};
		24E6DF491D6830030072D4DC /* Spine-MacOS */ = {
			isa = PBXGroup;
			children = (
			);
			path = "Spine-MacOS";
			sourceTree = "<group>";
		};
		24E6DF551D6830030072D4DC /* Spine-MacOSTests */ = {
			isa = PBXGroup;
			children = (
				24E6DF561D6830030072D4DC /* Spine_MacOSTests.swift */,
				24E6DF581D6830030072D4DC /* Info.plist */,
			);
			path = "Spine-MacOSTests";
			sourceTree = "<group>";
		};
		24E6DF6F1D6831280072D4DC /* macOS */ = {
			isa = PBXGroup;
			children = (
				24E6DF711D6831520072D4DC /* Result.framework */,
				24E6DF701D6831520072D4DC /* BrightFutures.framework */,
				24E6DF721D6831520072D4DC /* SwiftyJSON.framework */,
			);
			name = macOS;
			sourceTree = "<group>";
		};
		D3502C2B1A93A7F700F91266 /* Fixtures */ = {
			isa = PBXGroup;
			children = (
				D35DAAEA1A9627FD00E59545 /* Fixtures.swift */,
				D3502C2C1A93A7F700F91266 /* SingleFoo.json */,
				24EA5DB01D2D39A100F3E867 /* SingleFooWithUnregisteredType.json */,
				D307FBED1A97756700EE0FAC /* SingleFooIncludingBars.json */,
				D35047891A94FF70002FDF57 /* MultipleFoos.json */,
				D3BE2B1B1AD56C840061167C /* PagedFoos-1.json */,
				D3BE2B1C1AD56C840061167C /* PagedFoos-2.json */,
				D3960DF01A9B5FBC009948B0 /* Errors.json */,
			);
			path = Fixtures;
			sourceTree = "<group>";
		};
		D35F9D3F1A52FCFD00E5FF97 /* Resource */ = {
			isa = PBXGroup;
			children = (
				D373F7A219B224BB00275AFC /* Resource.swift */,
				D35F9D3B1A52FCBB00E5FF97 /* ResourceCollection.swift */,
				D39929EA1A52F3A0008BF0A9 /* ResourceField.swift */,
			);
			name = Resource;
			sourceTree = "<group>";
		};
		D35F9D441A53017F00E5FF97 /* Serializing */ = {
			isa = PBXGroup;
			children = (
				D373F7A119B224BB00275AFC /* Serializing.swift */,
				D39890F41C3D571F005CFB93 /* ResourceFactory.swift */,
				D35F9D401A53014500E5FF97 /* DeserializeOperation.swift */,
				D35F9D421A53016000E5FF97 /* SerializeOperation.swift */,
				D35F9D471A532EC600E5FF97 /* ValueFormatter.swift */,
				D3B96D611C32B7D300910F83 /* KeyFormatter.swift */,
			);
			name = Serializing;
			sourceTree = "<group>";
		};
		D373F77E19B2249900275AFC = {
			isa = PBXGroup;
			children = (
				D373F78A19B2249900275AFC /* Spine */,
				D373F79419B2249900275AFC /* SpineTests */,
				24E6DF491D6830030072D4DC /* Spine-MacOS */,
				24E6DF551D6830030072D4DC /* Spine-MacOSTests */,
				D373F78919B2249900275AFC /* Products */,
				245B5DD41CD92E3200E44FBE /* Frameworks */,
			);
			sourceTree = "<group>";
		};
		D373F78919B2249900275AFC /* Products */ = {
			isa = PBXGroup;
			children = (
				D373F78819B2249900275AFC /* Spine.framework */,
				D373F79319B2249900275AFC /* Spine-iOSTests.xctest */,
				2413110C1CD8F40000527E10 /* Spine.framework */,
				241311151CD8F40000527E10 /* Spine-tvOSTests.xctest */,
				24E6DF481D6830030072D4DC /* Spine.framework */,
				24E6DF511D6830030072D4DC /* Spine-macOSTests.xctest */,
			);
			name = Products;
			sourceTree = "<group>";
		};
		D373F78A19B2249900275AFC /* Spine */ = {
			isa = PBXGroup;
			children = (
				D373F78D19B2249900275AFC /* Spine.h */,
				D373F7A319B224BB00275AFC /* Spine.swift */,
				D331836B19B2302500936FBB /* Query.swift */,
				D3452C2E1AD18E6900CD413B /* Operation.swift */,
				D37FB17E19B9D7F10073A888 /* Networking.swift */,
				D341907619D30BA4007B38D6 /* Routing.swift */,
				D3452C301AD19B0900CD413B /* Logging.swift */,
				D35468811AD429D7000E8B6F /* Errors.swift */,
				D35F9D3F1A52FCFD00E5FF97 /* Resource */,
				D35F9D441A53017F00E5FF97 /* Serializing */,
				D373F78B19B2249900275AFC /* Supporting Files */,
			);
			path = Spine;
			sourceTree = "<group>";
		};
		D373F78B19B2249900275AFC /* Supporting Files */ = {
			isa = PBXGroup;
			children = (
				D373F78C19B2249900275AFC /* Info.plist */,
			);
			name = "Supporting Files";
			sourceTree = "<group>";
		};
		D373F79419B2249900275AFC /* SpineTests */ = {
			isa = PBXGroup;
			children = (
				D373F79719B2249900275AFC /* SpineTests.swift */,
				D35DAAF21A96A40700E59545 /* QueryTests.swift */,
				D3E1D1411AAA04B20077B1C3 /* ResourceTests.swift */,
				D36B3A211A98AFA60014B4EA /* ResourceCollectionTests.swift */,
				D312E2F719BB83A8004BB3E0 /* SerializingTests.swift */,
				D35DAAEC1A962BD400E59545 /* RoutingTests.swift */,
				D35DAAEE1A96323600E59545 /* Utilities.swift */,
				D39CD5391AA0FAA200049432 /* Mocks */,
				D3502C2B1A93A7F700F91266 /* Fixtures */,
				D373F79519B2249900275AFC /* Supporting Files */,
			);
			path = SpineTests;
			sourceTree = "<group>";
		};
		D373F79519B2249900275AFC /* Supporting Files */ = {
			isa = PBXGroup;
			children = (
				D373F79619B2249900275AFC /* Info.plist */,
			);
			name = "Supporting Files";
			sourceTree = "<group>";
		};
		D39CD5391AA0FAA200049432 /* Mocks */ = {
			isa = PBXGroup;
			children = (
				D39CD5371AA0FA8F00049432 /* CallbackHTTPClient.swift */,
			);
			name = Mocks;
			sourceTree = "<group>";
		};
/* End PBXGroup section */

/* Begin PBXHeadersBuildPhase section */
		241311091CD8F40000527E10 /* Headers */ = {
			isa = PBXHeadersBuildPhase;
			buildActionMask = 2147483647;
			files = (
				240BCA441CD92FC700842222 /* Spine.h in Headers */,
			);
			runOnlyForDeploymentPostprocessing = 0;
		};
		24E6DF451D6830030072D4DC /* Headers */ = {
			isa = PBXHeadersBuildPhase;
			buildActionMask = 2147483647;
			files = (
			);
			runOnlyForDeploymentPostprocessing = 0;
		};
		D373F78519B2249900275AFC /* Headers */ = {
			isa = PBXHeadersBuildPhase;
			buildActionMask = 2147483647;
			files = (
				D373F78E19B2249900275AFC /* Spine.h in Headers */,
			);
			runOnlyForDeploymentPostprocessing = 0;
		};
/* End PBXHeadersBuildPhase section */

/* Begin PBXNativeTarget section */
		2413110B1CD8F40000527E10 /* Spine-tvOS */ = {
			isa = PBXNativeTarget;
			buildConfigurationList = 2413111D1CD8F40000527E10 /* Build configuration list for PBXNativeTarget "Spine-tvOS" */;
			buildPhases = (
				241311071CD8F40000527E10 /* Sources */,
				241311081CD8F40000527E10 /* Frameworks */,
				241311091CD8F40000527E10 /* Headers */,
				2413110A1CD8F40000527E10 /* Resources */,
			);
			buildRules = (
			);
			dependencies = (
			);
			name = "Spine-tvOS";
			productName = Spine;
			productReference = 2413110C1CD8F40000527E10 /* Spine.framework */;
			productType = "com.apple.product-type.framework";
		};
		241311141CD8F40000527E10 /* Spine-tvOSTests */ = {
			isa = PBXNativeTarget;
			buildConfigurationList = 241311201CD8F40000527E10 /* Build configuration list for PBXNativeTarget "Spine-tvOSTests" */;
			buildPhases = (
				241311111CD8F40000527E10 /* Sources */,
				241311121CD8F40000527E10 /* Frameworks */,
				241311131CD8F40000527E10 /* Resources */,
				240BCA7E1CD9314C00842222 /* ShellScript */,
			);
			buildRules = (
			);
			dependencies = (
			);
			name = "Spine-tvOSTests";
			productName = SpineTests;
			productReference = 241311151CD8F40000527E10 /* Spine-tvOSTests.xctest */;
			productType = "com.apple.product-type.bundle.unit-test";
		};
		24E6DF471D6830030072D4DC /* Spine-macOS */ = {
			isa = PBXNativeTarget;
			buildConfigurationList = 24E6DF591D6830030072D4DC /* Build configuration list for PBXNativeTarget "Spine-macOS" */;
			buildPhases = (
				24E6DF431D6830030072D4DC /* Sources */,
				24E6DF441D6830030072D4DC /* Frameworks */,
				24E6DF451D6830030072D4DC /* Headers */,
				24E6DF461D6830030072D4DC /* Resources */,
			);
			buildRules = (
			);
			dependencies = (
			);
			name = "Spine-macOS";
			productName = "Spine-MacOS";
			productReference = 24E6DF481D6830030072D4DC /* Spine.framework */;
			productType = "com.apple.product-type.framework";
		};
		24E6DF501D6830030072D4DC /* Spine-macOSTests */ = {
			isa = PBXNativeTarget;
			buildConfigurationList = 24E6DF5C1D6830030072D4DC /* Build configuration list for PBXNativeTarget "Spine-macOSTests" */;
			buildPhases = (
				24E6DF4D1D6830030072D4DC /* Sources */,
				24E6DF4E1D6830030072D4DC /* Frameworks */,
				24E6DF4F1D6830030072D4DC /* Resources */,
			);
			buildRules = (
			);
			dependencies = (
				24E6DF541D6830030072D4DC /* PBXTargetDependency */,
			);
			name = "Spine-macOSTests";
			productName = "Spine-MacOSTests";
			productReference = 24E6DF511D6830030072D4DC /* Spine-macOSTests.xctest */;
			productType = "com.apple.product-type.bundle.unit-test";
		};
		D373F78719B2249900275AFC /* Spine-iOS */ = {
			isa = PBXNativeTarget;
			buildConfigurationList = D373F79B19B2249900275AFC /* Build configuration list for PBXNativeTarget "Spine-iOS" */;
			buildPhases = (
				D373F78319B2249900275AFC /* Sources */,
				D373F78419B2249900275AFC /* Frameworks */,
				D373F78519B2249900275AFC /* Headers */,
				D373F78619B2249900275AFC /* Resources */,
			);
			buildRules = (
			);
			dependencies = (
			);
			name = "Spine-iOS";
			productName = Spine;
			productReference = D373F78819B2249900275AFC /* Spine.framework */;
			productType = "com.apple.product-type.framework";
		};
		D373F79219B2249900275AFC /* Spine-iOSTests */ = {
			isa = PBXNativeTarget;
			buildConfigurationList = D373F79E19B2249900275AFC /* Build configuration list for PBXNativeTarget "Spine-iOSTests" */;
			buildPhases = (
				D373F78F19B2249900275AFC /* Sources */,
				D373F79019B2249900275AFC /* Frameworks */,
				D373F79119B2249900275AFC /* Resources */,
				D35047881A94F784002FDF57 /* ShellScript */,
			);
			buildRules = (
			);
			dependencies = (
			);
			name = "Spine-iOSTests";
			productName = SpineTests;
			productReference = D373F79319B2249900275AFC /* Spine-iOSTests.xctest */;
			productType = "com.apple.product-type.bundle.unit-test";
		};
/* End PBXNativeTarget section */

/* Begin PBXProject section */
		D373F77F19B2249900275AFC /* Project object */ = {
			isa = PBXProject;
			attributes = {
				LastSwiftMigration = 0700;
				LastSwiftUpdateCheck = 0730;
				LastUpgradeCheck = 0700;
				ORGANIZATIONNAME = "Ward van Teijlingen";
				TargetAttributes = {
					2413110B1CD8F40000527E10 = {
						CreatedOnToolsVersion = 7.3;
					};
					241311141CD8F40000527E10 = {
						CreatedOnToolsVersion = 7.3;
					};
					24E6DF471D6830030072D4DC = {
						CreatedOnToolsVersion = 7.3.1;
					};
					24E6DF501D6830030072D4DC = {
						CreatedOnToolsVersion = 7.3.1;
					};
					D373F78719B2249900275AFC = {
						CreatedOnToolsVersion = 6.0;
					};
					D373F79219B2249900275AFC = {
						CreatedOnToolsVersion = 6.0;
					};
				};
			};
			buildConfigurationList = D373F78219B2249900275AFC /* Build configuration list for PBXProject "Spine" */;
			compatibilityVersion = "Xcode 3.2";
			developmentRegion = English;
			hasScannedForEncodings = 0;
			knownRegions = (
				en,
			);
			mainGroup = D373F77E19B2249900275AFC;
			productRefGroup = D373F78919B2249900275AFC /* Products */;
			projectDirPath = "";
			projectRoot = "";
			targets = (
				D373F78719B2249900275AFC /* Spine-iOS */,
				D373F79219B2249900275AFC /* Spine-iOSTests */,
				2413110B1CD8F40000527E10 /* Spine-tvOS */,
				241311141CD8F40000527E10 /* Spine-tvOSTests */,
				24E6DF471D6830030072D4DC /* Spine-macOS */,
				24E6DF501D6830030072D4DC /* Spine-macOSTests */,
			);
		};
/* End PBXProject section */

/* Begin PBXResourcesBuildPhase section */
		2413110A1CD8F40000527E10 /* Resources */ = {
			isa = PBXResourcesBuildPhase;
			buildActionMask = 2147483647;
			files = (
			);
			runOnlyForDeploymentPostprocessing = 0;
		};
		241311131CD8F40000527E10 /* Resources */ = {
			isa = PBXResourcesBuildPhase;
			buildActionMask = 2147483647;
			files = (
				240BCA6F1CD9302A00842222 /* SingleFooIncludingBars.json in Resources */,
				240BCA6E1CD9302700842222 /* SingleFoo.json in Resources */,
				240BCA721CD9303000842222 /* PagedFoos-2.json in Resources */,
				240BCA711CD9302E00842222 /* PagedFoos-1.json in Resources */,
				240BCA731CD9303300842222 /* Errors.json in Resources */,
				24EA5DB21D2D39A800F3E867 /* SingleFooWithUnregisteredType.json in Resources */,
				240BCA701CD9302C00842222 /* MultipleFoos.json in Resources */,
			);
			runOnlyForDeploymentPostprocessing = 0;
		};
		24E6DF461D6830030072D4DC /* Resources */ = {
			isa = PBXResourcesBuildPhase;
			buildActionMask = 2147483647;
			files = (
			);
			runOnlyForDeploymentPostprocessing = 0;
		};
		24E6DF4F1D6830030072D4DC /* Resources */ = {
			isa = PBXResourcesBuildPhase;
			buildActionMask = 2147483647;
			files = (
			);
			runOnlyForDeploymentPostprocessing = 0;
		};
		D373F78619B2249900275AFC /* Resources */ = {
			isa = PBXResourcesBuildPhase;
			buildActionMask = 2147483647;
			files = (
			);
			runOnlyForDeploymentPostprocessing = 0;
		};
		D373F79119B2249900275AFC /* Resources */ = {
			isa = PBXResourcesBuildPhase;
			buildActionMask = 2147483647;
			files = (
				D3960DF11A9B5FBC009948B0 /* Errors.json in Resources */,
				D350478A1A94FF70002FDF57 /* MultipleFoos.json in Resources */,
				D3BE2B1D1AD56C840061167C /* PagedFoos-1.json in Resources */,
				D3502C2D1A93A7F700F91266 /* SingleFoo.json in Resources */,
				D307FBEE1A97756700EE0FAC /* SingleFooIncludingBars.json in Resources */,
				24EA5DB11D2D39A700F3E867 /* SingleFooWithUnregisteredType.json in Resources */,
				D3BE2B1E1AD56C850061167C /* PagedFoos-2.json in Resources */,
			);
			runOnlyForDeploymentPostprocessing = 0;
		};
/* End PBXResourcesBuildPhase section */

/* Begin PBXShellScriptBuildPhase section */
		240BCA7E1CD9314C00842222 /* ShellScript */ = {
			isa = PBXShellScriptBuildPhase;
			buildActionMask = 2147483647;
			files = (
			);
			inputPaths = (
				"$(SRCROOT)/Carthage/Build/tvOS/BrightFutures.framework",
				"$(SRCROOT)/Carthage/Build/tvOS/SwiftyJSON.framework",
				"$(SRCROOT)/Carthage/Build/tvOS/Result.framework",
			);
			outputPaths = (
			);
			runOnlyForDeploymentPostprocessing = 0;
			shellPath = /bin/sh;
			shellScript = "/usr/local/bin/carthage copy-frameworks";
		};
		D35047881A94F784002FDF57 /* ShellScript */ = {
			isa = PBXShellScriptBuildPhase;
			buildActionMask = 2147483647;
			files = (
			);
			inputPaths = (
				"$(SRCROOT)/Carthage/Build/iOS/BrightFutures.framework",
				"$(SRCROOT)/Carthage/Build/iOS/SwiftyJSON.framework",
				"$(SRCROOT)/Carthage/Build/iOS/Result.framework",
			);
			outputPaths = (
			);
			runOnlyForDeploymentPostprocessing = 0;
			shellPath = /bin/sh;
			shellScript = "/usr/local/bin/carthage copy-frameworks";
		};
/* End PBXShellScriptBuildPhase section */

/* Begin PBXSourcesBuildPhase section */
		241311071CD8F40000527E10 /* Sources */ = {
			isa = PBXSourcesBuildPhase;
			buildActionMask = 2147483647;
			files = (
				240BCA4D1CD92FDC00842222 /* Routing.swift in Sources */,
				240BCA611CD92FFF00842222 /* ValueFormatter.swift in Sources */,
				240BCA531CD92FE700842222 /* Resource.swift in Sources */,
				240BCA4F1CD92FDF00842222 /* Logging.swift in Sources */,
				240BCA5D1CD92FFA00842222 /* DeserializeOperation.swift in Sources */,
				240BCA591CD92FF200842222 /* Serializing.swift in Sources */,
				240BCA551CD92FEA00842222 /* ResourceCollection.swift in Sources */,
				240BCA471CD92FD200842222 /* Query.swift in Sources */,
				240BCA451CD92FCE00842222 /* Spine.swift in Sources */,
				240BCA491CD92FD600842222 /* Operation.swift in Sources */,
				240BCA631CD9300200842222 /* KeyFormatter.swift in Sources */,
				240BCA5B1CD92FF700842222 /* ResourceFactory.swift in Sources */,
				240BCA4B1CD92FD900842222 /* Networking.swift in Sources */,
				240BCA571CD92FEE00842222 /* ResourceField.swift in Sources */,
				240BCA5F1CD92FFD00842222 /* SerializeOperation.swift in Sources */,
				240BCA511CD92FE200842222 /* Errors.swift in Sources */,
			);
			runOnlyForDeploymentPostprocessing = 0;
		};
		241311111CD8F40000527E10 /* Sources */ = {
			isa = PBXSourcesBuildPhase;
			buildActionMask = 2147483647;
			files = (
				240BCA4E1CD92FDD00842222 /* Routing.swift in Sources */,
				240BCA621CD9300000842222 /* ValueFormatter.swift in Sources */,
				240BCA541CD92FE800842222 /* Resource.swift in Sources */,
				240BCA6D1CD9302400842222 /* Fixtures.swift in Sources */,
				240BCA501CD92FE000842222 /* Logging.swift in Sources */,
				240BCA5E1CD92FFA00842222 /* DeserializeOperation.swift in Sources */,
				240BCA671CD9301400842222 /* ResourceTests.swift in Sources */,
				240BCA5A1CD92FF200842222 /* Serializing.swift in Sources */,
				240BCA681CD9301600842222 /* ResourceCollectionTests.swift in Sources */,
				240BCA561CD92FEB00842222 /* ResourceCollection.swift in Sources */,
				240BCA481CD92FD200842222 /* Query.swift in Sources */,
				240BCA661CD9301100842222 /* QueryTests.swift in Sources */,
				240BCA461CD92FCF00842222 /* Spine.swift in Sources */,
				240BCA6B1CD9301D00842222 /* Utilities.swift in Sources */,
				240BCA4A1CD92FD700842222 /* Operation.swift in Sources */,
				240BCA641CD9300300842222 /* KeyFormatter.swift in Sources */,
				240BCA6C1CD9302000842222 /* CallbackHTTPClient.swift in Sources */,
				240BCA691CD9301900842222 /* SerializingTests.swift in Sources */,
				240BCA5C1CD92FF700842222 /* ResourceFactory.swift in Sources */,
				240BCA4C1CD92FDA00842222 /* Networking.swift in Sources */,
				240BCA581CD92FEE00842222 /* ResourceField.swift in Sources */,
				240BCA651CD9300E00842222 /* SpineTests.swift in Sources */,
				240BCA601CD92FFD00842222 /* SerializeOperation.swift in Sources */,
				240BCA6A1CD9301B00842222 /* RoutingTests.swift in Sources */,
				240BCA521CD92FE300842222 /* Errors.swift in Sources */,
			);
			runOnlyForDeploymentPostprocessing = 0;
		};
		24E6DF431D6830030072D4DC /* Sources */ = {
			isa = PBXSourcesBuildPhase;
			buildActionMask = 2147483647;
			files = (
				24E6DF5F1D6830FF0072D4DC /* Spine.swift in Sources */,
				24E6DF601D6830FF0072D4DC /* Query.swift in Sources */,
				24E6DF611D6830FF0072D4DC /* Operation.swift in Sources */,
				24E6DF621D6830FF0072D4DC /* Networking.swift in Sources */,
				24E6DF631D6830FF0072D4DC /* Routing.swift in Sources */,
				24E6DF641D6830FF0072D4DC /* Logging.swift in Sources */,
				24E6DF651D6830FF0072D4DC /* Errors.swift in Sources */,
				24E6DF661D6830FF0072D4DC /* Resource.swift in Sources */,
				24E6DF671D6830FF0072D4DC /* ResourceCollection.swift in Sources */,
				24E6DF681D6830FF0072D4DC /* ResourceField.swift in Sources */,
				24E6DF691D6830FF0072D4DC /* Serializing.swift in Sources */,
				24E6DF6A1D6830FF0072D4DC /* ResourceFactory.swift in Sources */,
				24E6DF6B1D6830FF0072D4DC /* DeserializeOperation.swift in Sources */,
				24E6DF6C1D6830FF0072D4DC /* SerializeOperation.swift in Sources */,
				24E6DF6D1D6830FF0072D4DC /* ValueFormatter.swift in Sources */,
				24E6DF6E1D6830FF0072D4DC /* KeyFormatter.swift in Sources */,
			);
			runOnlyForDeploymentPostprocessing = 0;
		};
		24E6DF4D1D6830030072D4DC /* Sources */ = {
			isa = PBXSourcesBuildPhase;
			buildActionMask = 2147483647;
			files = (
				24E6DF571D6830030072D4DC /* Spine_MacOSTests.swift in Sources */,
			);
			runOnlyForDeploymentPostprocessing = 0;
		};
		D373F78319B2249900275AFC /* Sources */ = {
			isa = PBXSourcesBuildPhase;
			buildActionMask = 2147483647;
			files = (
				D39890F51C3D571F005CFB93 /* ResourceFactory.swift in Sources */,
				D341907719D30BA4007B38D6 /* Routing.swift in Sources */,
				D35468821AD429D7000E8B6F /* Errors.swift in Sources */,
				D3452C311AD19B0900CD413B /* Logging.swift in Sources */,
				D331836C19B2302500936FBB /* Query.swift in Sources */,
				D373F7A619B224BB00275AFC /* Spine.swift in Sources */,
				D35F9D411A53014500E5FF97 /* DeserializeOperation.swift in Sources */,
				D373F7A419B224BB00275AFC /* Serializing.swift in Sources */,
				D3DFBB6519B9DC64009785BE /* Networking.swift in Sources */,
				D373F7A519B224BB00275AFC /* Resource.swift in Sources */,
				D35F9D3C1A52FCBB00E5FF97 /* ResourceCollection.swift in Sources */,
				D3B96D621C32B7D300910F83 /* KeyFormatter.swift in Sources */,
				D39929EB1A52F3A0008BF0A9 /* ResourceField.swift in Sources */,
				D35F9D431A53016000E5FF97 /* SerializeOperation.swift in Sources */,
				D35F9D481A532EC600E5FF97 /* ValueFormatter.swift in Sources */,
				D3452C2F1AD18E6900CD413B /* Operation.swift in Sources */,
			);
			runOnlyForDeploymentPostprocessing = 0;
		};
		D373F78F19B2249900275AFC /* Sources */ = {
			isa = PBXSourcesBuildPhase;
			buildActionMask = 2147483647;
			files = (
				D3502C351A93A87100F91266 /* ValueFormatter.swift in Sources */,
				D341907D19D31176007B38D6 /* Routing.swift in Sources */,
				D3B96D631C32B89100910F83 /* KeyFormatter.swift in Sources */,
				D35CE46E19B276E4002B358E /* Query.swift in Sources */,
				D3452C351AD19BD500CD413B /* Logging.swift in Sources */,
				D373F79819B2249900275AFC /* SpineTests.swift in Sources */,
				D39CD5381AA0FA8F00049432 /* CallbackHTTPClient.swift in Sources */,
				D3502C311A93A86600F91266 /* ResourceCollection.swift in Sources */,
				D3502C341A93A86F00F91266 /* SerializeOperation.swift in Sources */,
				D35CE47019B276E4002B358E /* Serializing.swift in Sources */,
				D3452C341AD19BD500CD413B /* Operation.swift in Sources */,
				D35DAAED1A962BD400E59545 /* RoutingTests.swift in Sources */,
				D312E30219BB8822004BB3E0 /* Networking.swift in Sources */,
				D39890F71C3D5978005CFB93 /* ResourceFactory.swift in Sources */,
				D35DAAEF1A96323600E59545 /* Utilities.swift in Sources */,
				D35CE46D19B276E4002B358E /* Spine.swift in Sources */,
				D36B3A221A98AFA60014B4EA /* ResourceCollectionTests.swift in Sources */,
				D35DAAEB1A9627FD00E59545 /* Fixtures.swift in Sources */,
				D35CE46F19B276E4002B358E /* Resource.swift in Sources */,
				D35DAAF31A96A40700E59545 /* QueryTests.swift in Sources */,
				D39256211AD44DCE00AB3867 /* Errors.swift in Sources */,
				D3502C321A93A86900F91266 /* ResourceField.swift in Sources */,
				D3E1D1421AAA04B20077B1C3 /* ResourceTests.swift in Sources */,
				D3502C331A93A86C00F91266 /* DeserializeOperation.swift in Sources */,
				D312E2F819BB83A8004BB3E0 /* SerializingTests.swift in Sources */,
			);
			runOnlyForDeploymentPostprocessing = 0;
		};
/* End PBXSourcesBuildPhase section */

/* Begin PBXTargetDependency section */
		24E6DF541D6830030072D4DC /* PBXTargetDependency */ = {
			isa = PBXTargetDependency;
			target = 24E6DF471D6830030072D4DC /* Spine-macOS */;
			targetProxy = 24E6DF531D6830030072D4DC /* PBXContainerItemProxy */;
		};
/* End PBXTargetDependency section */

/* Begin XCBuildConfiguration section */
		2413111E1CD8F40000527E10 /* Debug */ = {
			isa = XCBuildConfiguration;
			buildSettings = {
				DEFINES_MODULE = YES;
				DYLIB_COMPATIBILITY_VERSION = 1;
				DYLIB_CURRENT_VERSION = 1;
				DYLIB_INSTALL_NAME_BASE = "@rpath";
				FRAMEWORK_SEARCH_PATHS = (
					"$(inherited)",
					"$(PROJECT_DIR)/Carthage/Build/tvOS",
				);
				INFOPLIST_FILE = Spine/Info.plist;
				INSTALL_PATH = "$(LOCAL_LIBRARY_DIR)/Frameworks";
				LD_RUNPATH_SEARCH_PATHS = "$(inherited) @executable_path/Frameworks @loader_path/Frameworks";
				PRODUCT_BUNDLE_IDENTIFIER = com.wardvanteijlingen.Spine;
				PRODUCT_NAME = Spine;
				SDKROOT = appletvos;
				SKIP_INSTALL = YES;
				TARGETED_DEVICE_FAMILY = 3;
			};
			name = Debug;
		};
		2413111F1CD8F40000527E10 /* Release */ = {
			isa = XCBuildConfiguration;
			buildSettings = {
				DEFINES_MODULE = YES;
				DYLIB_COMPATIBILITY_VERSION = 1;
				DYLIB_CURRENT_VERSION = 1;
				DYLIB_INSTALL_NAME_BASE = "@rpath";
				FRAMEWORK_SEARCH_PATHS = (
					"$(inherited)",
					"$(PROJECT_DIR)/Carthage/Build/tvOS",
				);
				INFOPLIST_FILE = Spine/Info.plist;
				INSTALL_PATH = "$(LOCAL_LIBRARY_DIR)/Frameworks";
				LD_RUNPATH_SEARCH_PATHS = "$(inherited) @executable_path/Frameworks @loader_path/Frameworks";
				PRODUCT_BUNDLE_IDENTIFIER = com.wardvanteijlingen.Spine;
				PRODUCT_NAME = Spine;
				SDKROOT = appletvos;
				SKIP_INSTALL = YES;
				TARGETED_DEVICE_FAMILY = 3;
			};
			name = Release;
		};
		241311211CD8F40000527E10 /* Debug */ = {
			isa = XCBuildConfiguration;
			buildSettings = {
				CLANG_ANALYZER_NONNULL = YES;
				DEBUG_INFORMATION_FORMAT = dwarf;
				FRAMEWORK_SEARCH_PATHS = (
					"$(inherited)",
					"$(PROJECT_DIR)/Carthage/Build/tvOS",
				);
				GCC_NO_COMMON_BLOCKS = YES;
				INFOPLIST_FILE = SpineTests/Info.plist;
				LD_RUNPATH_SEARCH_PATHS = "$(inherited) @executable_path/Frameworks @loader_path/Frameworks";
				PRODUCT_BUNDLE_IDENTIFIER = com.wardvanteijlingen.Spine.SpineTests;
				PRODUCT_NAME = "$(TARGET_NAME)";
				SDKROOT = appletvos;
				TVOS_DEPLOYMENT_TARGET = 9.2;
			};
			name = Debug;
		};
		241311221CD8F40000527E10 /* Release */ = {
			isa = XCBuildConfiguration;
			buildSettings = {
				CLANG_ANALYZER_NONNULL = YES;
				COPY_PHASE_STRIP = NO;
				DEBUG_INFORMATION_FORMAT = "dwarf-with-dsym";
				FRAMEWORK_SEARCH_PATHS = (
					"$(inherited)",
					"$(PROJECT_DIR)/Carthage/Build/tvOS",
				);
				GCC_NO_COMMON_BLOCKS = YES;
				INFOPLIST_FILE = SpineTests/Info.plist;
				LD_RUNPATH_SEARCH_PATHS = "$(inherited) @executable_path/Frameworks @loader_path/Frameworks";
				PRODUCT_BUNDLE_IDENTIFIER = com.wardvanteijlingen.Spine.SpineTests;
				PRODUCT_NAME = "$(TARGET_NAME)";
				SDKROOT = appletvos;
				TVOS_DEPLOYMENT_TARGET = 9.2;
			};
			name = Release;
		};
		24E6DF5A1D6830030072D4DC /* Debug */ = {
			isa = XCBuildConfiguration;
			buildSettings = {
				CLANG_ANALYZER_NONNULL = YES;
				CODE_SIGN_IDENTITY = "Mac Developer";
				COMBINE_HIDPI_IMAGES = YES;
				DEBUG_INFORMATION_FORMAT = dwarf;
				DEFINES_MODULE = YES;
				DYLIB_COMPATIBILITY_VERSION = 1;
				DYLIB_CURRENT_VERSION = 1;
				DYLIB_INSTALL_NAME_BASE = "@rpath";
				FRAMEWORK_SEARCH_PATHS = (
					"$(inherited)",
					"$(PROJECT_DIR)/Carthage/Build/Mac",
				);
				FRAMEWORK_VERSION = A;
				GCC_NO_COMMON_BLOCKS = YES;
				INFOPLIST_FILE = Spine/Info.plist;
				INSTALL_PATH = "$(LOCAL_LIBRARY_DIR)/Frameworks";
				LD_RUNPATH_SEARCH_PATHS = "$(inherited) @executable_path/../Frameworks @loader_path/Frameworks";
				MACOSX_DEPLOYMENT_TARGET = 10.11;
				PRODUCT_BUNDLE_IDENTIFIER = com.wardvanteijlingen.Spine;
				PRODUCT_NAME = Spine;
				SDKROOT = macosx;
				SKIP_INSTALL = YES;
			};
			name = Debug;
		};
		24E6DF5B1D6830030072D4DC /* Release */ = {
			isa = XCBuildConfiguration;
			buildSettings = {
				CLANG_ANALYZER_NONNULL = YES;
				CODE_SIGN_IDENTITY = "Mac Developer";
				COMBINE_HIDPI_IMAGES = YES;
				COPY_PHASE_STRIP = NO;
				DEBUG_INFORMATION_FORMAT = "dwarf-with-dsym";
				DEFINES_MODULE = YES;
				DYLIB_COMPATIBILITY_VERSION = 1;
				DYLIB_CURRENT_VERSION = 1;
				DYLIB_INSTALL_NAME_BASE = "@rpath";
				FRAMEWORK_SEARCH_PATHS = (
					"$(inherited)",
					"$(PROJECT_DIR)/Carthage/Build/Mac",
				);
				FRAMEWORK_VERSION = A;
				GCC_NO_COMMON_BLOCKS = YES;
				INFOPLIST_FILE = Spine/Info.plist;
				INSTALL_PATH = "$(LOCAL_LIBRARY_DIR)/Frameworks";
				LD_RUNPATH_SEARCH_PATHS = "$(inherited) @executable_path/../Frameworks @loader_path/Frameworks";
				MACOSX_DEPLOYMENT_TARGET = 10.11;
				PRODUCT_BUNDLE_IDENTIFIER = com.wardvanteijlingen.Spine;
				PRODUCT_NAME = Spine;
				SDKROOT = macosx;
				SKIP_INSTALL = YES;
			};
			name = Release;
		};
		24E6DF5D1D6830030072D4DC /* Debug */ = {
			isa = XCBuildConfiguration;
			buildSettings = {
				CLANG_ANALYZER_NONNULL = YES;
				CODE_SIGN_IDENTITY = "-";
				COMBINE_HIDPI_IMAGES = YES;
				DEBUG_INFORMATION_FORMAT = dwarf;
				GCC_NO_COMMON_BLOCKS = YES;
				INFOPLIST_FILE = SpineTests/Info.plist;
				LD_RUNPATH_SEARCH_PATHS = "$(inherited) @executable_path/../Frameworks @loader_path/../Frameworks";
				MACOSX_DEPLOYMENT_TARGET = 10.11;
				PRODUCT_BUNDLE_IDENTIFIER = com.wardvanteijlingen.Spine.SpineTests;
				PRODUCT_NAME = "$(TARGET_NAME)";
				SDKROOT = macosx;
			};
			name = Debug;
		};
		24E6DF5E1D6830030072D4DC /* Release */ = {
			isa = XCBuildConfiguration;
			buildSettings = {
				CLANG_ANALYZER_NONNULL = YES;
				CODE_SIGN_IDENTITY = "-";
				COMBINE_HIDPI_IMAGES = YES;
				COPY_PHASE_STRIP = NO;
				DEBUG_INFORMATION_FORMAT = "dwarf-with-dsym";
				GCC_NO_COMMON_BLOCKS = YES;
				INFOPLIST_FILE = SpineTests/Info.plist;
				LD_RUNPATH_SEARCH_PATHS = "$(inherited) @executable_path/../Frameworks @loader_path/../Frameworks";
				MACOSX_DEPLOYMENT_TARGET = 10.11;
				PRODUCT_BUNDLE_IDENTIFIER = com.wardvanteijlingen.Spine.SpineTests;
				PRODUCT_NAME = "$(TARGET_NAME)";
				SDKROOT = macosx;
			};
			name = Release;
		};
		D373F79919B2249900275AFC /* Debug */ = {
			isa = XCBuildConfiguration;
			buildSettings = {
				ALWAYS_SEARCH_USER_PATHS = NO;
				CLANG_CXX_LANGUAGE_STANDARD = "gnu++0x";
				CLANG_CXX_LIBRARY = "libc++";
				CLANG_ENABLE_MODULES = YES;
				CLANG_ENABLE_OBJC_ARC = YES;
				CLANG_WARN_BOOL_CONVERSION = YES;
				CLANG_WARN_CONSTANT_CONVERSION = YES;
				CLANG_WARN_DIRECT_OBJC_ISA_USAGE = YES_ERROR;
				CLANG_WARN_EMPTY_BODY = YES;
				CLANG_WARN_ENUM_CONVERSION = YES;
				CLANG_WARN_INT_CONVERSION = YES;
				CLANG_WARN_OBJC_ROOT_CLASS = YES_ERROR;
				CLANG_WARN_UNREACHABLE_CODE = YES;
				CLANG_WARN__DUPLICATE_METHOD_MATCH = YES;
				"CODE_SIGN_IDENTITY[sdk=iphoneos*]" = "iPhone Developer";
				COPY_PHASE_STRIP = NO;
				CURRENT_PROJECT_VERSION = 1;
				ENABLE_STRICT_OBJC_MSGSEND = YES;
				ENABLE_TESTABILITY = YES;
				GCC_C_LANGUAGE_STANDARD = gnu99;
				GCC_DYNAMIC_NO_PIC = NO;
				GCC_OPTIMIZATION_LEVEL = 0;
				GCC_PREPROCESSOR_DEFINITIONS = (
					"DEBUG=1",
					"$(inherited)",
				);
				GCC_SYMBOLS_PRIVATE_EXTERN = NO;
				GCC_WARN_64_TO_32_BIT_CONVERSION = YES;
				GCC_WARN_ABOUT_RETURN_TYPE = YES_ERROR;
				GCC_WARN_UNDECLARED_SELECTOR = YES;
				GCC_WARN_UNINITIALIZED_AUTOS = YES_AGGRESSIVE;
				GCC_WARN_UNUSED_FUNCTION = YES;
				GCC_WARN_UNUSED_VARIABLE = YES;
				IPHONEOS_DEPLOYMENT_TARGET = 8.0;
				MTL_ENABLE_DEBUG_INFO = YES;
				ONLY_ACTIVE_ARCH = YES;
				SDKROOT = iphoneos;
				SWIFT_OPTIMIZATION_LEVEL = "-Onone";
				TARGETED_DEVICE_FAMILY = "1,2";
				TVOS_DEPLOYMENT_TARGET = 9.0;
				VERSIONING_SYSTEM = "apple-generic";
				VERSION_INFO_PREFIX = "";
			};
			name = Debug;
		};
		D373F79A19B2249900275AFC /* Release */ = {
			isa = XCBuildConfiguration;
			buildSettings = {
				ALWAYS_SEARCH_USER_PATHS = NO;
				CLANG_CXX_LANGUAGE_STANDARD = "gnu++0x";
				CLANG_CXX_LIBRARY = "libc++";
				CLANG_ENABLE_MODULES = YES;
				CLANG_ENABLE_OBJC_ARC = YES;
				CLANG_WARN_BOOL_CONVERSION = YES;
				CLANG_WARN_CONSTANT_CONVERSION = YES;
				CLANG_WARN_DIRECT_OBJC_ISA_USAGE = YES_ERROR;
				CLANG_WARN_EMPTY_BODY = YES;
				CLANG_WARN_ENUM_CONVERSION = YES;
				CLANG_WARN_INT_CONVERSION = YES;
				CLANG_WARN_OBJC_ROOT_CLASS = YES_ERROR;
				CLANG_WARN_UNREACHABLE_CODE = YES;
				CLANG_WARN__DUPLICATE_METHOD_MATCH = YES;
				"CODE_SIGN_IDENTITY[sdk=iphoneos*]" = "iPhone Developer";
				COPY_PHASE_STRIP = YES;
				CURRENT_PROJECT_VERSION = 1;
				ENABLE_NS_ASSERTIONS = NO;
				ENABLE_STRICT_OBJC_MSGSEND = YES;
				GCC_C_LANGUAGE_STANDARD = gnu99;
				GCC_WARN_64_TO_32_BIT_CONVERSION = YES;
				GCC_WARN_ABOUT_RETURN_TYPE = YES_ERROR;
				GCC_WARN_UNDECLARED_SELECTOR = YES;
				GCC_WARN_UNINITIALIZED_AUTOS = YES_AGGRESSIVE;
				GCC_WARN_UNUSED_FUNCTION = YES;
				GCC_WARN_UNUSED_VARIABLE = YES;
				IPHONEOS_DEPLOYMENT_TARGET = 8.0;
				MTL_ENABLE_DEBUG_INFO = NO;
				SDKROOT = iphoneos;
				TARGETED_DEVICE_FAMILY = "1,2";
				TVOS_DEPLOYMENT_TARGET = 9.0;
				VALIDATE_PRODUCT = YES;
				VERSIONING_SYSTEM = "apple-generic";
				VERSION_INFO_PREFIX = "";
			};
			name = Release;
		};
		D373F79C19B2249900275AFC /* Debug */ = {
			isa = XCBuildConfiguration;
			buildSettings = {
				CLANG_ENABLE_MODULES = YES;
				DEFINES_MODULE = YES;
				DYLIB_COMPATIBILITY_VERSION = 1;
				DYLIB_CURRENT_VERSION = 1;
				DYLIB_INSTALL_NAME_BASE = "@rpath";
				FRAMEWORK_SEARCH_PATHS = (
					"$(inherited)",
					"$(PROJECT_DIR)/Carthage/Build/iOS",
				);
				INFOPLIST_FILE = Spine/Info.plist;
				INSTALL_PATH = "$(LOCAL_LIBRARY_DIR)/Frameworks";
				LD_RUNPATH_SEARCH_PATHS = "$(inherited) @executable_path/Frameworks @loader_path/Frameworks";
				PRODUCT_BUNDLE_IDENTIFIER = "com.wardvanteijlingen.$(PRODUCT_NAME:rfc1034identifier)";
				PRODUCT_NAME = Spine;
				SKIP_INSTALL = YES;
				SWIFT_OPTIMIZATION_LEVEL = "-Onone";
			};
			name = Debug;
		};
		D373F79D19B2249900275AFC /* Release */ = {
			isa = XCBuildConfiguration;
			buildSettings = {
				CLANG_ENABLE_MODULES = YES;
				DEFINES_MODULE = YES;
				DYLIB_COMPATIBILITY_VERSION = 1;
				DYLIB_CURRENT_VERSION = 1;
				DYLIB_INSTALL_NAME_BASE = "@rpath";
				FRAMEWORK_SEARCH_PATHS = (
					"$(inherited)",
					"$(PROJECT_DIR)/Carthage/Build/iOS",
				);
				INFOPLIST_FILE = Spine/Info.plist;
				INSTALL_PATH = "$(LOCAL_LIBRARY_DIR)/Frameworks";
				LD_RUNPATH_SEARCH_PATHS = "$(inherited) @executable_path/Frameworks @loader_path/Frameworks";
				PRODUCT_BUNDLE_IDENTIFIER = "com.wardvanteijlingen.$(PRODUCT_NAME:rfc1034identifier)";
				PRODUCT_NAME = Spine;
				SKIP_INSTALL = YES;
			};
			name = Release;
		};
		D373F79F19B2249900275AFC /* Debug */ = {
			isa = XCBuildConfiguration;
			buildSettings = {
				FRAMEWORK_SEARCH_PATHS = (
					"$(SDKROOT)/Developer/Library/Frameworks",
					"$(inherited)",
					"$(PROJECT_DIR)/Carthage/Build/iOS",
				);
				GCC_PREPROCESSOR_DEFINITIONS = (
					"DEBUG=1",
					"$(inherited)",
				);
				INFOPLIST_FILE = SpineTests/Info.plist;
				LD_RUNPATH_SEARCH_PATHS = "$(inherited) @executable_path/Frameworks @loader_path/Frameworks";
				PRODUCT_BUNDLE_IDENTIFIER = "com.wardvanteijlingen.$(PRODUCT_NAME:rfc1034identifier)";
				PRODUCT_NAME = "$(TARGET_NAME)";
			};
			name = Debug;
		};
		D373F7A019B2249900275AFC /* Release */ = {
			isa = XCBuildConfiguration;
			buildSettings = {
				FRAMEWORK_SEARCH_PATHS = (
					"$(SDKROOT)/Developer/Library/Frameworks",
					"$(inherited)",
					"$(PROJECT_DIR)/Carthage/Build/iOS",
				);
				INFOPLIST_FILE = SpineTests/Info.plist;
				LD_RUNPATH_SEARCH_PATHS = "$(inherited) @executable_path/Frameworks @loader_path/Frameworks";
				PRODUCT_BUNDLE_IDENTIFIER = "com.wardvanteijlingen.$(PRODUCT_NAME:rfc1034identifier)";
				PRODUCT_NAME = "$(TARGET_NAME)";
			};
			name = Release;
		};
/* End XCBuildConfiguration section */

/* Begin XCConfigurationList section */
		2413111D1CD8F40000527E10 /* Build configuration list for PBXNativeTarget "Spine-tvOS" */ = {
			isa = XCConfigurationList;
			buildConfigurations = (
				2413111E1CD8F40000527E10 /* Debug */,
				2413111F1CD8F40000527E10 /* Release */,
			);
			defaultConfigurationIsVisible = 0;
			defaultConfigurationName = Release;
		};
		241311201CD8F40000527E10 /* Build configuration list for PBXNativeTarget "Spine-tvOSTests" */ = {
			isa = XCConfigurationList;
			buildConfigurations = (
				241311211CD8F40000527E10 /* Debug */,
				241311221CD8F40000527E10 /* Release */,
			);
			defaultConfigurationIsVisible = 0;
			defaultConfigurationName = Release;
		};
		24E6DF591D6830030072D4DC /* Build configuration list for PBXNativeTarget "Spine-macOS" */ = {
			isa = XCConfigurationList;
			buildConfigurations = (
				24E6DF5A1D6830030072D4DC /* Debug */,
				24E6DF5B1D6830030072D4DC /* Release */,
			);
			defaultConfigurationIsVisible = 0;
			defaultConfigurationName = Release;
		};
		24E6DF5C1D6830030072D4DC /* Build configuration list for PBXNativeTarget "Spine-macOSTests" */ = {
			isa = XCConfigurationList;
			buildConfigurations = (
				24E6DF5D1D6830030072D4DC /* Debug */,
				24E6DF5E1D6830030072D4DC /* Release */,
			);
			defaultConfigurationIsVisible = 0;
			defaultConfigurationName = Release;
		};
		D373F78219B2249900275AFC /* Build configuration list for PBXProject "Spine" */ = {
			isa = XCConfigurationList;
			buildConfigurations = (
				D373F79919B2249900275AFC /* Debug */,
				D373F79A19B2249900275AFC /* Release */,
			);
			defaultConfigurationIsVisible = 0;
			defaultConfigurationName = Release;
		};
		D373F79B19B2249900275AFC /* Build configuration list for PBXNativeTarget "Spine-iOS" */ = {
			isa = XCConfigurationList;
			buildConfigurations = (
				D373F79C19B2249900275AFC /* Debug */,
				D373F79D19B2249900275AFC /* Release */,
			);
			defaultConfigurationIsVisible = 0;
			defaultConfigurationName = Release;
		};
		D373F79E19B2249900275AFC /* Build configuration list for PBXNativeTarget "Spine-iOSTests" */ = {
			isa = XCConfigurationList;
			buildConfigurations = (
				D373F79F19B2249900275AFC /* Debug */,
				D373F7A019B2249900275AFC /* Release */,
			);
			defaultConfigurationIsVisible = 0;
			defaultConfigurationName = Release;
		};
/* End XCConfigurationList section */
	};
	rootObject = D373F77F19B2249900275AFC /* Project object */;
}
