// !$*UTF8*$!
{
	archiveVersion = 1;
	classes = {
	};
	objectVersion = 46;
	objects = {

/* Begin PBXBuildFile section */
		D366677319BDDB3100E0383B /* Album.swift in Sources */ = {isa = PBXBuildFile; fileRef = D366677019BDDB3100E0383B /* Album.swift */; };
		D366677419BDDB3100E0383B /* Artist.swift in Sources */ = {isa = PBXBuildFile; fileRef = D366677119BDDB3100E0383B /* Artist.swift */; };
		D366677519BDDB3100E0383B /* Song.swift in Sources */ = {isa = PBXBuildFile; fileRef = D366677219BDDB3100E0383B /* Song.swift */; };
		D366677719BDEBEA00E0383B /* ArtistsTableViewController.swift in Sources */ = {isa = PBXBuildFile; fileRef = D366677619BDEBEA00E0383B /* ArtistsTableViewController.swift */; };
		D366677919BDEE3E00E0383B /* AlbumsTableViewController.swift in Sources */ = {isa = PBXBuildFile; fileRef = D366677819BDEE3E00E0383B /* AlbumsTableViewController.swift */; };
		D373F71F19B2235D00275AFC /* AppDelegate.swift in Sources */ = {isa = PBXBuildFile; fileRef = D373F71E19B2235D00275AFC /* AppDelegate.swift */; };
		D373F72119B2235D00275AFC /* ViewController.swift in Sources */ = {isa = PBXBuildFile; fileRef = D373F72019B2235D00275AFC /* ViewController.swift */; };
		D373F72419B2235D00275AFC /* Main.storyboard in Resources */ = {isa = PBXBuildFile; fileRef = D373F72219B2235D00275AFC /* Main.storyboard */; };
		D373F72619B2235D00275AFC /* Images.xcassets in Resources */ = {isa = PBXBuildFile; fileRef = D373F72519B2235D00275AFC /* Images.xcassets */; };
		D373F73219B2235D00275AFC /* SpineExampleTests.swift in Sources */ = {isa = PBXBuildFile; fileRef = D373F73119B2235D00275AFC /* SpineExampleTests.swift */; };
		D373F75819B2241900275AFC /* Comment.swift in Sources */ = {isa = PBXBuildFile; fileRef = D373F75519B2241900275AFC /* Comment.swift */; };
		D373F75919B2241900275AFC /* Post.swift in Sources */ = {isa = PBXBuildFile; fileRef = D373F75619B2241900275AFC /* Post.swift */; };
		D373F75A19B2241900275AFC /* User.swift in Sources */ = {isa = PBXBuildFile; fileRef = D373F75719B2241900275AFC /* User.swift */; };
/* End PBXBuildFile section */

/* Begin PBXContainerItemProxy section */
		D331834019B225A900936FBB /* PBXContainerItemProxy */ = {
			isa = PBXContainerItemProxy;
			containerPortal = D331833919B225A900936FBB /* Spine.xcodeproj */;
			proxyType = 2;
			remoteGlobalIDString = D373F78819B2249900275AFC;
			remoteInfo = Spine;
		};
		D331834219B225A900936FBB /* PBXContainerItemProxy */ = {
			isa = PBXContainerItemProxy;
			containerPortal = D331833919B225A900936FBB /* Spine.xcodeproj */;
			proxyType = 2;
			remoteGlobalIDString = D373F79319B2249900275AFC;
			remoteInfo = SpineTests;
		};
		D331836919B22AD600936FBB /* PBXContainerItemProxy */ = {
			isa = PBXContainerItemProxy;
			containerPortal = D331833919B225A900936FBB /* Spine.xcodeproj */;
			proxyType = 1;
			remoteGlobalIDString = D373F78719B2249900275AFC;
			remoteInfo = Spine;
		};
		D373F72C19B2235D00275AFC /* PBXContainerItemProxy */ = {
			isa = PBXContainerItemProxy;
			containerPortal = D373F71119B2235D00275AFC /* Project object */;
			proxyType = 1;
			remoteGlobalIDString = D373F71819B2235D00275AFC;
			remoteInfo = SpineExample;
		};
/* End PBXContainerItemProxy section */

/* Begin PBXFileReference section */
		D331833919B225A900936FBB /* Spine.xcodeproj */ = {isa = PBXFileReference; lastKnownFileType = "wrapper.pb-project"; name = Spine.xcodeproj; path = ../Spine/Spine.xcodeproj; sourceTree = "<group>"; };
		D366677019BDDB3100E0383B /* Album.swift */ = {isa = PBXFileReference; fileEncoding = 4; lastKnownFileType = sourcecode.swift; path = Album.swift; sourceTree = "<group>"; };
		D366677119BDDB3100E0383B /* Artist.swift */ = {isa = PBXFileReference; fileEncoding = 4; lastKnownFileType = sourcecode.swift; path = Artist.swift; sourceTree = "<group>"; };
		D366677219BDDB3100E0383B /* Song.swift */ = {isa = PBXFileReference; fileEncoding = 4; lastKnownFileType = sourcecode.swift; path = Song.swift; sourceTree = "<group>"; };
		D366677619BDEBEA00E0383B /* ArtistsTableViewController.swift */ = {isa = PBXFileReference; fileEncoding = 4; lastKnownFileType = sourcecode.swift; path = ArtistsTableViewController.swift; sourceTree = "<group>"; };
		D366677819BDEE3E00E0383B /* AlbumsTableViewController.swift */ = {isa = PBXFileReference; fileEncoding = 4; lastKnownFileType = sourcecode.swift; path = AlbumsTableViewController.swift; sourceTree = "<group>"; };
		D373F71919B2235D00275AFC /* SpineExample.app */ = {isa = PBXFileReference; explicitFileType = wrapper.application; includeInIndex = 0; path = SpineExample.app; sourceTree = BUILT_PRODUCTS_DIR; };
		D373F71D19B2235D00275AFC /* Info.plist */ = {isa = PBXFileReference; lastKnownFileType = text.plist.xml; path = Info.plist; sourceTree = "<group>"; };
		D373F71E19B2235D00275AFC /* AppDelegate.swift */ = {isa = PBXFileReference; lastKnownFileType = sourcecode.swift; path = AppDelegate.swift; sourceTree = "<group>"; };
		D373F72019B2235D00275AFC /* ViewController.swift */ = {isa = PBXFileReference; lastKnownFileType = sourcecode.swift; path = ViewController.swift; sourceTree = "<group>"; };
		D373F72319B2235D00275AFC /* Base */ = {isa = PBXFileReference; lastKnownFileType = file.storyboard; name = Base; path = Base.lproj/Main.storyboard; sourceTree = "<group>"; };
		D373F72519B2235D00275AFC /* Images.xcassets */ = {isa = PBXFileReference; lastKnownFileType = folder.assetcatalog; path = Images.xcassets; sourceTree = "<group>"; };
		D373F72B19B2235D00275AFC /* SpineExampleTests.xctest */ = {isa = PBXFileReference; explicitFileType = wrapper.cfbundle; includeInIndex = 0; path = SpineExampleTests.xctest; sourceTree = BUILT_PRODUCTS_DIR; };
		D373F73019B2235D00275AFC /* Info.plist */ = {isa = PBXFileReference; lastKnownFileType = text.plist.xml; path = Info.plist; sourceTree = "<group>"; };
		D373F73119B2235D00275AFC /* SpineExampleTests.swift */ = {isa = PBXFileReference; lastKnownFileType = sourcecode.swift; path = SpineExampleTests.swift; sourceTree = "<group>"; };
		D373F75519B2241900275AFC /* Comment.swift */ = {isa = PBXFileReference; fileEncoding = 4; lastKnownFileType = sourcecode.swift; path = Comment.swift; sourceTree = "<group>"; };
		D373F75619B2241900275AFC /* Post.swift */ = {isa = PBXFileReference; fileEncoding = 4; lastKnownFileType = sourcecode.swift; path = Post.swift; sourceTree = "<group>"; };
		D373F75719B2241900275AFC /* User.swift */ = {isa = PBXFileReference; fileEncoding = 4; lastKnownFileType = sourcecode.swift; path = User.swift; sourceTree = "<group>"; };
/* End PBXFileReference section */

/* Begin PBXFrameworksBuildPhase section */
		D373F71619B2235D00275AFC /* Frameworks */ = {
			isa = PBXFrameworksBuildPhase;
			buildActionMask = 2147483647;
			files = (
			);
			runOnlyForDeploymentPostprocessing = 0;
		};
		D373F72819B2235D00275AFC /* Frameworks */ = {
			isa = PBXFrameworksBuildPhase;
			buildActionMask = 2147483647;
			files = (
			);
			runOnlyForDeploymentPostprocessing = 0;
		};
/* End PBXFrameworksBuildPhase section */

/* Begin PBXGroup section */
		D331833A19B225A900936FBB /* Products */ = {
			isa = PBXGroup;
			children = (
				D331834119B225A900936FBB /* Spine.framework */,
				D331834319B225A900936FBB /* SpineTests.xctest */,
			);
			name = Products;
			sourceTree = "<group>";
		};
		D331836619B22A8300936FBB /* Resources */ = {
			isa = PBXGroup;
			children = (
				D373F75619B2241900275AFC /* Post.swift */,
				D373F75719B2241900275AFC /* User.swift */,
				D373F75519B2241900275AFC /* Comment.swift */,
			);
			name = Resources;
			sourceTree = "<group>";
		};
		D366676E19BDDB1D00E0383B /* RestPack */ = {
			isa = PBXGroup;
			children = (
				D366677119BDDB3100E0383B /* Artist.swift */,
				D366677019BDDB3100E0383B /* Album.swift */,
				D366677219BDDB3100E0383B /* Song.swift */,
			);
			name = RestPack;
			sourceTree = "<group>";
		};
		D373F71019B2235D00275AFC = {
			isa = PBXGroup;
			children = (
				D373F71B19B2235D00275AFC /* SpineExample */,
				D373F72E19B2235D00275AFC /* SpineExampleTests */,
				D373F71A19B2235D00275AFC /* Products */,
				D331833919B225A900936FBB /* Spine.xcodeproj */,
			);
			sourceTree = "<group>";
		};
		D373F71A19B2235D00275AFC /* Products */ = {
			isa = PBXGroup;
			children = (
				D373F71919B2235D00275AFC /* SpineExample.app */,
				D373F72B19B2235D00275AFC /* SpineExampleTests.xctest */,
			);
			name = Products;
			sourceTree = "<group>";
		};
		D373F71B19B2235D00275AFC /* SpineExample */ = {
			isa = PBXGroup;
			children = (
				D366676E19BDDB1D00E0383B /* RestPack */,
				D331836619B22A8300936FBB /* Resources */,
				D373F71E19B2235D00275AFC /* AppDelegate.swift */,
				D373F72019B2235D00275AFC /* ViewController.swift */,
				D366677619BDEBEA00E0383B /* ArtistsTableViewController.swift */,
				D366677819BDEE3E00E0383B /* AlbumsTableViewController.swift */,
				D373F72219B2235D00275AFC /* Main.storyboard */,
				D373F72519B2235D00275AFC /* Images.xcassets */,
				D373F71C19B2235D00275AFC /* Supporting Files */,
			);
			path = SpineExample;
			sourceTree = "<group>";
		};
		D373F71C19B2235D00275AFC /* Supporting Files */ = {
			isa = PBXGroup;
			children = (
				D373F71D19B2235D00275AFC /* Info.plist */,
			);
			name = "Supporting Files";
			sourceTree = "<group>";
		};
		D373F72E19B2235D00275AFC /* SpineExampleTests */ = {
			isa = PBXGroup;
			children = (
				D373F73119B2235D00275AFC /* SpineExampleTests.swift */,
				D373F72F19B2235D00275AFC /* Supporting Files */,
			);
			path = SpineExampleTests;
			sourceTree = "<group>";
		};
		D373F72F19B2235D00275AFC /* Supporting Files */ = {
			isa = PBXGroup;
			children = (
				D373F73019B2235D00275AFC /* Info.plist */,
			);
			name = "Supporting Files";
			sourceTree = "<group>";
		};
/* End PBXGroup section */

/* Begin PBXNativeTarget section */
		D373F71819B2235D00275AFC /* SpineExample */ = {
			isa = PBXNativeTarget;
			buildConfigurationList = D373F73519B2235D00275AFC /* Build configuration list for PBXNativeTarget "SpineExample" */;
			buildPhases = (
				D373F71519B2235D00275AFC /* Sources */,
				D373F71619B2235D00275AFC /* Frameworks */,
				D373F71719B2235D00275AFC /* Resources */,
			);
			buildRules = (
			);
			dependencies = (
				D331836A19B22AD600936FBB /* PBXTargetDependency */,
			);
			name = SpineExample;
			productName = SpineExample;
			productReference = D373F71919B2235D00275AFC /* SpineExample.app */;
			productType = "com.apple.product-type.application";
		};
		D373F72A19B2235D00275AFC /* SpineExampleTests */ = {
			isa = PBXNativeTarget;
			buildConfigurationList = D373F73819B2235D00275AFC /* Build configuration list for PBXNativeTarget "SpineExampleTests" */;
			buildPhases = (
				D373F72719B2235D00275AFC /* Sources */,
				D373F72819B2235D00275AFC /* Frameworks */,
				D373F72919B2235D00275AFC /* Resources */,
			);
			buildRules = (
			);
			dependencies = (
				D373F72D19B2235D00275AFC /* PBXTargetDependency */,
			);
			name = SpineExampleTests;
			productName = SpineExampleTests;
			productReference = D373F72B19B2235D00275AFC /* SpineExampleTests.xctest */;
			productType = "com.apple.product-type.bundle.unit-test";
		};
/* End PBXNativeTarget section */

/* Begin PBXProject section */
		D373F71119B2235D00275AFC /* Project object */ = {
			isa = PBXProject;
			attributes = {
				LastUpgradeCheck = 0600;
				ORGANIZATIONNAME = "Ward van Teijlingen";
				TargetAttributes = {
					D373F71819B2235D00275AFC = {
						CreatedOnToolsVersion = 6.0;
					};
					D373F72A19B2235D00275AFC = {
						CreatedOnToolsVersion = 6.0;
						TestTargetID = D373F71819B2235D00275AFC;
					};
				};
			};
			buildConfigurationList = D373F71419B2235D00275AFC /* Build configuration list for PBXProject "SpineExample" */;
			compatibilityVersion = "Xcode 3.2";
			developmentRegion = English;
			hasScannedForEncodings = 0;
			knownRegions = (
				en,
				Base,
			);
			mainGroup = D373F71019B2235D00275AFC;
			productRefGroup = D373F71A19B2235D00275AFC /* Products */;
			projectDirPath = "";
			projectReferences = (
				{
					ProductGroup = D331833A19B225A900936FBB /* Products */;
					ProjectRef = D331833919B225A900936FBB /* Spine.xcodeproj */;
				},
			);
			projectRoot = "";
			targets = (
				D373F71819B2235D00275AFC /* SpineExample */,
				D373F72A19B2235D00275AFC /* SpineExampleTests */,
			);
		};
/* End PBXProject section */

/* Begin PBXReferenceProxy section */
		D331834119B225A900936FBB /* Spine.framework */ = {
			isa = PBXReferenceProxy;
			fileType = wrapper.framework;
			path = Spine.framework;
			remoteRef = D331834019B225A900936FBB /* PBXContainerItemProxy */;
			sourceTree = BUILT_PRODUCTS_DIR;
		};
		D331834319B225A900936FBB /* SpineTests.xctest */ = {
			isa = PBXReferenceProxy;
			fileType = wrapper.cfbundle;
			path = SpineTests.xctest;
			remoteRef = D331834219B225A900936FBB /* PBXContainerItemProxy */;
			sourceTree = BUILT_PRODUCTS_DIR;
		};
/* End PBXReferenceProxy section */

/* Begin PBXResourcesBuildPhase section */
		D373F71719B2235D00275AFC /* Resources */ = {
			isa = PBXResourcesBuildPhase;
			buildActionMask = 2147483647;
			files = (
				D373F72419B2235D00275AFC /* Main.storyboard in Resources */,
				D373F72619B2235D00275AFC /* Images.xcassets in Resources */,
			);
			runOnlyForDeploymentPostprocessing = 0;
		};
		D373F72919B2235D00275AFC /* Resources */ = {
			isa = PBXResourcesBuildPhase;
			buildActionMask = 2147483647;
			files = (
			);
			runOnlyForDeploymentPostprocessing = 0;
		};
/* End PBXResourcesBuildPhase section */

/* Begin PBXSourcesBuildPhase section */
		D373F71519B2235D00275AFC /* Sources */ = {
			isa = PBXSourcesBuildPhase;
			buildActionMask = 2147483647;
			files = (
				D373F72119B2235D00275AFC /* ViewController.swift in Sources */,
				D373F75819B2241900275AFC /* Comment.swift in Sources */,
				D373F71F19B2235D00275AFC /* AppDelegate.swift in Sources */,
				D373F75A19B2241900275AFC /* User.swift in Sources */,
				D366677719BDEBEA00E0383B /* ArtistsTableViewController.swift in Sources */,
				D366677519BDDB3100E0383B /* Song.swift in Sources */,
				D373F75919B2241900275AFC /* Post.swift in Sources */,
				D366677319BDDB3100E0383B /* Album.swift in Sources */,
				D366677419BDDB3100E0383B /* Artist.swift in Sources */,
				D366677919BDEE3E00E0383B /* AlbumsTableViewController.swift in Sources */,
			);
			runOnlyForDeploymentPostprocessing = 0;
		};
		D373F72719B2235D00275AFC /* Sources */ = {
			isa = PBXSourcesBuildPhase;
			buildActionMask = 2147483647;
			files = (
				D373F73219B2235D00275AFC /* SpineExampleTests.swift in Sources */,
			);
			runOnlyForDeploymentPostprocessing = 0;
		};
/* End PBXSourcesBuildPhase section */

/* Begin PBXTargetDependency section */
		D331836A19B22AD600936FBB /* PBXTargetDependency */ = {
			isa = PBXTargetDependency;
			name = Spine;
			targetProxy = D331836919B22AD600936FBB /* PBXContainerItemProxy */;
		};
		D373F72D19B2235D00275AFC /* PBXTargetDependency */ = {
			isa = PBXTargetDependency;
			target = D373F71819B2235D00275AFC /* SpineExample */;
			targetProxy = D373F72C19B2235D00275AFC /* PBXContainerItemProxy */;
		};
/* End PBXTargetDependency section */

/* Begin PBXVariantGroup section */
		D373F72219B2235D00275AFC /* Main.storyboard */ = {
			isa = PBXVariantGroup;
			children = (
				D373F72319B2235D00275AFC /* Base */,
			);
			name = Main.storyboard;
			sourceTree = "<group>";
		};
/* End PBXVariantGroup section */

/* Begin XCBuildConfiguration section */
		D373F73319B2235D00275AFC /* Debug */ = {
			isa = XCBuildConfiguration;
			buildSettings = {
				ALWAYS_SEARCH_USER_PATHS = NO;
				CLANG_CXX_LANGUAGE_STANDARD = "gnu++0x";
				CLANG_CXX_LIBRARY = "libc++";
				CLANG_ENABLE_MODULES = YES;
				CLANG_ENABLE_OBJC_ARC = YES;
				CLANG_WARN_BOOL_CONVERSION = YES;
				CLANG_WARN_CONSTANT_CONVERSION = YES;
				CLANG_WARN_DIRECT_OBJC_ISA_USAGE = YES_ERROR;
				CLANG_WARN_EMPTY_BODY = YES;
				CLANG_WARN_ENUM_CONVERSION = YES;
				CLANG_WARN_INT_CONVERSION = YES;
				CLANG_WARN_OBJC_ROOT_CLASS = YES_ERROR;
				CLANG_WARN_UNREACHABLE_CODE = YES;
				CLANG_WARN__DUPLICATE_METHOD_MATCH = YES;
				"CODE_SIGN_IDENTITY[sdk=iphoneos*]" = "iPhone Developer";
				COPY_PHASE_STRIP = NO;
				ENABLE_STRICT_OBJC_MSGSEND = YES;
				GCC_C_LANGUAGE_STANDARD = gnu99;
				GCC_DYNAMIC_NO_PIC = NO;
				GCC_OPTIMIZATION_LEVEL = 0;
				GCC_PREPROCESSOR_DEFINITIONS = (
					"DEBUG=1",
					"$(inherited)",
				);
				GCC_SYMBOLS_PRIVATE_EXTERN = NO;
				GCC_WARN_64_TO_32_BIT_CONVERSION = YES;
				GCC_WARN_ABOUT_RETURN_TYPE = YES_ERROR;
				GCC_WARN_UNDECLARED_SELECTOR = YES;
				GCC_WARN_UNINITIALIZED_AUTOS = YES_AGGRESSIVE;
				GCC_WARN_UNUSED_FUNCTION = YES;
				GCC_WARN_UNUSED_VARIABLE = YES;
				IPHONEOS_DEPLOYMENT_TARGET = 8.0;
				MTL_ENABLE_DEBUG_INFO = YES;
				ONLY_ACTIVE_ARCH = YES;
				SDKROOT = iphoneos;
				SWIFT_OPTIMIZATION_LEVEL = "-Onone";
			};
			name = Debug;
		};
		D373F73419B2235D00275AFC /* Release */ = {
			isa = XCBuildConfiguration;
			buildSettings = {
				ALWAYS_SEARCH_USER_PATHS = NO;
				CLANG_CXX_LANGUAGE_STANDARD = "gnu++0x";
				CLANG_CXX_LIBRARY = "libc++";
				CLANG_ENABLE_MODULES = YES;
				CLANG_ENABLE_OBJC_ARC = YES;
				CLANG_WARN_BOOL_CONVERSION = YES;
				CLANG_WARN_CONSTANT_CONVERSION = YES;
				CLANG_WARN_DIRECT_OBJC_ISA_USAGE = YES_ERROR;
				CLANG_WARN_EMPTY_BODY = YES;
				CLANG_WARN_ENUM_CONVERSION = YES;
				CLANG_WARN_INT_CONVERSION = YES;
				CLANG_WARN_OBJC_ROOT_CLASS = YES_ERROR;
				CLANG_WARN_UNREACHABLE_CODE = YES;
				CLANG_WARN__DUPLICATE_METHOD_MATCH = YES;
				"CODE_SIGN_IDENTITY[sdk=iphoneos*]" = "iPhone Developer";
				COPY_PHASE_STRIP = YES;
				ENABLE_NS_ASSERTIONS = NO;
				ENABLE_STRICT_OBJC_MSGSEND = YES;
				GCC_C_LANGUAGE_STANDARD = gnu99;
				GCC_WARN_64_TO_32_BIT_CONVERSION = YES;
				GCC_WARN_ABOUT_RETURN_TYPE = YES_ERROR;
				GCC_WARN_UNDECLARED_SELECTOR = YES;
				GCC_WARN_UNINITIALIZED_AUTOS = YES_AGGRESSIVE;
				GCC_WARN_UNUSED_FUNCTION = YES;
				GCC_WARN_UNUSED_VARIABLE = YES;
				IPHONEOS_DEPLOYMENT_TARGET = 8.0;
				MTL_ENABLE_DEBUG_INFO = NO;
				SDKROOT = iphoneos;
				VALIDATE_PRODUCT = YES;
			};
			name = Release;
		};
		D373F73619B2235D00275AFC /* Debug */ = {
			isa = XCBuildConfiguration;
			buildSettings = {
				ASSETCATALOG_COMPILER_APPICON_NAME = AppIcon;
				ASSETCATALOG_COMPILER_LAUNCHIMAGE_NAME = LaunchImage;
				INFOPLIST_FILE = SpineExample/Info.plist;
				LD_RUNPATH_SEARCH_PATHS = "$(inherited) @executable_path/Frameworks";
				PRODUCT_NAME = "$(TARGET_NAME)";
			};
			name = Debug;
		};
		D373F73719B2235D00275AFC /* Release */ = {
			isa = XCBuildConfiguration;
			buildSettings = {
				ASSETCATALOG_COMPILER_APPICON_NAME = AppIcon;
				ASSETCATALOG_COMPILER_LAUNCHIMAGE_NAME = LaunchImage;
				INFOPLIST_FILE = SpineExample/Info.plist;
				LD_RUNPATH_SEARCH_PATHS = "$(inherited) @executable_path/Frameworks";
				PRODUCT_NAME = "$(TARGET_NAME)";
			};
			name = Release;
		};
		D373F73919B2235D00275AFC /* Debug */ = {
			isa = XCBuildConfiguration;
			buildSettings = {
				BUNDLE_LOADER = "$(TEST_HOST)";
				FRAMEWORK_SEARCH_PATHS = (
					"$(SDKROOT)/Developer/Library/Frameworks",
					"$(inherited)",
				);
				GCC_PREPROCESSOR_DEFINITIONS = (
					"DEBUG=1",
					"$(inherited)",
				);
				INFOPLIST_FILE = SpineExampleTests/Info.plist;
				LD_RUNPATH_SEARCH_PATHS = "$(inherited) @executable_path/Frameworks @loader_path/Frameworks";
				PRODUCT_NAME = "$(TARGET_NAME)";
				TEST_HOST = "$(BUILT_PRODUCTS_DIR)/SpineExample.app/SpineExample";
			};
			name = Debug;
		};
		D373F73A19B2235D00275AFC /* Release */ = {
			isa = XCBuildConfiguration;
			buildSettings = {
				BUNDLE_LOADER = "$(TEST_HOST)";
				FRAMEWORK_SEARCH_PATHS = (
					"$(SDKROOT)/Developer/Library/Frameworks",
					"$(inherited)",
				);
				INFOPLIST_FILE = SpineExampleTests/Info.plist;
				LD_RUNPATH_SEARCH_PATHS = "$(inherited) @executable_path/Frameworks @loader_path/Frameworks";
				PRODUCT_NAME = "$(TARGET_NAME)";
				TEST_HOST = "$(BUILT_PRODUCTS_DIR)/SpineExample.app/SpineExample";
			};
			name = Release;
		};
/* End XCBuildConfiguration section */

/* Begin XCConfigurationList section */
		D373F71419B2235D00275AFC /* Build configuration list for PBXProject "SpineExample" */ = {
			isa = XCConfigurationList;
			buildConfigurations = (
				D373F73319B2235D00275AFC /* Debug */,
				D373F73419B2235D00275AFC /* Release */,
			);
			defaultConfigurationIsVisible = 0;
			defaultConfigurationName = Release;
		};
		D373F73519B2235D00275AFC /* Build configuration list for PBXNativeTarget "SpineExample" */ = {
			isa = XCConfigurationList;
			buildConfigurations = (
				D373F73619B2235D00275AFC /* Debug */,
				D373F73719B2235D00275AFC /* Release */,
			);
			defaultConfigurationIsVisible = 0;
			defaultConfigurationName = Release;
		};
		D373F73819B2235D00275AFC /* Build configuration list for PBXNativeTarget "SpineExampleTests" */ = {
			isa = XCConfigurationList;
			buildConfigurations = (
				D373F73919B2235D00275AFC /* Debug */,
				D373F73A19B2235D00275AFC /* Release */,
			);
			defaultConfigurationIsVisible = 0;
			defaultConfigurationName = Release;
		};
/* End XCConfigurationList section */
	};
	rootObject = D373F71119B2235D00275AFC /* Project object */;
}
